// !$*UTF8*$!
{
	archiveVersion = 1;
	classes = {
	};
	objectVersion = 46;
	objects = {

/* Begin PBXBuildFile section */
		B3016B701DB24CC400433AC5 /* HWNewfeatureViewController.m in Sources */ = {isa = PBXBuildFile; fileRef = B3016B6F1DB24CC400433AC5 /* HWNewfeatureViewController.m */; };
		B3016B751DB24D6300433AC5 /* HWOAuthViewController.m in Sources */ = {isa = PBXBuildFile; fileRef = B3016B741DB24D6300433AC5 /* HWOAuthViewController.m */; };
		B3016B841DB2594800433AC5 /* AFHTTPSessionManager.m in Sources */ = {isa = PBXBuildFile; fileRef = B3016B781DB2594800433AC5 /* AFHTTPSessionManager.m */; };
		B3016B851DB2594800433AC5 /* AFNetworkReachabilityManager.m in Sources */ = {isa = PBXBuildFile; fileRef = B3016B7B1DB2594800433AC5 /* AFNetworkReachabilityManager.m */; };
		B3016B861DB2594800433AC5 /* AFSecurityPolicy.m in Sources */ = {isa = PBXBuildFile; fileRef = B3016B7D1DB2594800433AC5 /* AFSecurityPolicy.m */; };
		B3016B871DB2594800433AC5 /* AFURLRequestSerialization.m in Sources */ = {isa = PBXBuildFile; fileRef = B3016B7F1DB2594800433AC5 /* AFURLRequestSerialization.m */; };
		B3016B881DB2594800433AC5 /* AFURLResponseSerialization.m in Sources */ = {isa = PBXBuildFile; fileRef = B3016B811DB2594800433AC5 /* AFURLResponseSerialization.m */; };
		B3016B891DB2594800433AC5 /* AFURLSessionManager.m in Sources */ = {isa = PBXBuildFile; fileRef = B3016B831DB2594800433AC5 /* AFURLSessionManager.m */; };
		B3016B8D1DB26E1E00433AC5 /* HWAccount.m in Sources */ = {isa = PBXBuildFile; fileRef = B3016B8C1DB26E1E00433AC5 /* HWAccount.m */; };
		B3016B911DB2796D00433AC5 /* HWAccountTool.m in Sources */ = {isa = PBXBuildFile; fileRef = B3016B901DB2796D00433AC5 /* HWAccountTool.m */; };
		B3016B941DB289C000433AC5 /* UIWindow+Extension.m in Sources */ = {isa = PBXBuildFile; fileRef = B3016B931DB289C000433AC5 /* UIWindow+Extension.m */; };
		B3016B9A1DB29F9300433AC5 /* HWTitleButton.m in Sources */ = {isa = PBXBuildFile; fileRef = B3016B991DB29F9300433AC5 /* HWTitleButton.m */; };
		B30AB9781DBE4F3700FF9BCB /* HWComposePhotosView.m in Sources */ = {isa = PBXBuildFile; fileRef = B30AB9771DBE4F3700FF9BCB /* HWComposePhotosView.m */; };
		B30C9FF21DD2F15300C21615 /* HWEmotionTabBarButton.m in Sources */ = {isa = PBXBuildFile; fileRef = B30C9FF11DD2F15200C21615 /* HWEmotionTabBarButton.m */; };
		B3491CE91DB49DB2004F8BF6 /* MKAnnotationView+WebCache.m in Sources */ = {isa = PBXBuildFile; fileRef = B3491CC91DB49DB2004F8BF6 /* MKAnnotationView+WebCache.m */; };
		B3491CEA1DB49DB2004F8BF6 /* NSData+ImageContentType.m in Sources */ = {isa = PBXBuildFile; fileRef = B3491CCB1DB49DB2004F8BF6 /* NSData+ImageContentType.m */; };
		B3491CEB1DB49DB2004F8BF6 /* SDImageCache.m in Sources */ = {isa = PBXBuildFile; fileRef = B3491CCD1DB49DB2004F8BF6 /* SDImageCache.m */; };
		B3491CEC1DB49DB2004F8BF6 /* SDWebImageCompat.m in Sources */ = {isa = PBXBuildFile; fileRef = B3491CCF1DB49DB2004F8BF6 /* SDWebImageCompat.m */; };
		B3491CED1DB49DB2004F8BF6 /* SDWebImageDecoder.m in Sources */ = {isa = PBXBuildFile; fileRef = B3491CD11DB49DB2004F8BF6 /* SDWebImageDecoder.m */; };
		B3491CEE1DB49DB2004F8BF6 /* SDWebImageDownloader.m in Sources */ = {isa = PBXBuildFile; fileRef = B3491CD31DB49DB2004F8BF6 /* SDWebImageDownloader.m */; };
		B3491CEF1DB49DB2004F8BF6 /* SDWebImageDownloaderOperation.m in Sources */ = {isa = PBXBuildFile; fileRef = B3491CD51DB49DB2004F8BF6 /* SDWebImageDownloaderOperation.m */; };
		B3491CF01DB49DB2004F8BF6 /* SDWebImageManager.m in Sources */ = {isa = PBXBuildFile; fileRef = B3491CD71DB49DB2004F8BF6 /* SDWebImageManager.m */; };
		B3491CF11DB49DB2004F8BF6 /* SDWebImagePrefetcher.m in Sources */ = {isa = PBXBuildFile; fileRef = B3491CDA1DB49DB2004F8BF6 /* SDWebImagePrefetcher.m */; };
		B3491CF21DB49DB2004F8BF6 /* UIButton+WebCache.m in Sources */ = {isa = PBXBuildFile; fileRef = B3491CDC1DB49DB2004F8BF6 /* UIButton+WebCache.m */; };
		B3491CF31DB49DB2004F8BF6 /* UIImage+GIF.m in Sources */ = {isa = PBXBuildFile; fileRef = B3491CDE1DB49DB2004F8BF6 /* UIImage+GIF.m */; };
		B3491CF41DB49DB2004F8BF6 /* UIImage+MultiFormat.m in Sources */ = {isa = PBXBuildFile; fileRef = B3491CE01DB49DB2004F8BF6 /* UIImage+MultiFormat.m */; };
		B3491CF51DB49DB2004F8BF6 /* UIImage+WebP.m in Sources */ = {isa = PBXBuildFile; fileRef = B3491CE21DB49DB2004F8BF6 /* UIImage+WebP.m */; };
		B3491CF61DB49DB2004F8BF6 /* UIImageView+HighlightedWebCache.m in Sources */ = {isa = PBXBuildFile; fileRef = B3491CE41DB49DB2004F8BF6 /* UIImageView+HighlightedWebCache.m */; };
		B3491CF71DB49DB2004F8BF6 /* UIImageView+WebCache.m in Sources */ = {isa = PBXBuildFile; fileRef = B3491CE61DB49DB2004F8BF6 /* UIImageView+WebCache.m */; };
		B3491CF81DB49DB2004F8BF6 /* UIView+WebCacheOperation.m in Sources */ = {isa = PBXBuildFile; fileRef = B3491CE81DB49DB2004F8BF6 /* UIView+WebCacheOperation.m */; };
		B3491CFB1DB4A051004F8BF6 /* HWUser.m in Sources */ = {isa = PBXBuildFile; fileRef = B3491CFA1DB4A051004F8BF6 /* HWUser.m */; };
		B3491CFE1DB4A06E004F8BF6 /* HWStatus.m in Sources */ = {isa = PBXBuildFile; fileRef = B3491CFD1DB4A06E004F8BF6 /* HWStatus.m */; };
		B3491D011DB4E541004F8BF6 /* HWLoadMoreFooter.m in Sources */ = {isa = PBXBuildFile; fileRef = B3491D001DB4E541004F8BF6 /* HWLoadMoreFooter.m */; };
		B3491D031DB4E56E004F8BF6 /* HWLoadMoreFooter.xib in Resources */ = {isa = PBXBuildFile; fileRef = B3491D021DB4E56E004F8BF6 /* HWLoadMoreFooter.xib */; };
		B361BAF21DB8A655005DA766 /* NSString+Extension.m in Sources */ = {isa = PBXBuildFile; fileRef = B361BAF11DB8A655005DA766 /* NSString+Extension.m */; };
		B36229531DB706DB0026A449 /* HWPhoto.m in Sources */ = {isa = PBXBuildFile; fileRef = B36229521DB706DB0026A449 /* HWPhoto.m */; };
		B36229561DB757D80026A449 /* HWStatusToolbar.m in Sources */ = {isa = PBXBuildFile; fileRef = B36229551DB757D80026A449 /* HWStatusToolbar.m */; };
		B36229591DB7B1030026A449 /* NSDate+Extension.m in Sources */ = {isa = PBXBuildFile; fileRef = B36229581DB7B1030026A449 /* NSDate+Extension.m */; };
		B37E786B1DB6491400C4160E /* HWStatusCell.m in Sources */ = {isa = PBXBuildFile; fileRef = B37E786A1DB6491400C4160E /* HWStatusCell.m */; };
		B37E786E1DB64F3100C4160E /* HWStatusFrame.m in Sources */ = {isa = PBXBuildFile; fileRef = B37E786D1DB64F3100C4160E /* HWStatusFrame.m */; };
		B392D7561DB0C41C00187E84 /* HWSearchBar.m in Sources */ = {isa = PBXBuildFile; fileRef = B392D7551DB0C41C00187E84 /* HWSearchBar.m */; };
		B392D7591DB0D54100187E84 /* HWDropdownMenu.m in Sources */ = {isa = PBXBuildFile; fileRef = B392D7581DB0D54100187E84 /* HWDropdownMenu.m */; };
		B392D75F1DB0E23800187E84 /* HWTitleMenuViewController.m in Sources */ = {isa = PBXBuildFile; fileRef = B392D75E1DB0E23800187E84 /* HWTitleMenuViewController.m */; };
		B392D7621DB10FC300187E84 /* HWTabBar.m in Sources */ = {isa = PBXBuildFile; fileRef = B392D7611DB10FC300187E84 /* HWTabBar.m */; };
		B3AD9FE91DAFD9D600ACCF30 /* HWDiscoverViewController.m in Sources */ = {isa = PBXBuildFile; fileRef = B3AD9FBA1DAFD9D600ACCF30 /* HWDiscoverViewController.m */; };
		B3AD9FEA1DAFD9D600ACCF30 /* HWHomeViewController.m in Sources */ = {isa = PBXBuildFile; fileRef = B3AD9FC01DAFD9D600ACCF30 /* HWHomeViewController.m */; };
		B3AD9FEB1DAFD9D600ACCF30 /* UIView+Extension.m in Sources */ = {isa = PBXBuildFile; fileRef = B3AD9FC61DAFD9D600ACCF30 /* UIView+Extension.m */; };
		B3AD9FEC1DAFD9D600ACCF30 /* HWNavigationController.m in Sources */ = {isa = PBXBuildFile; fileRef = B3AD9FC91DAFD9D600ACCF30 /* HWNavigationController.m */; };
		B3AD9FED1DAFD9D600ACCF30 /* HWTabbBarViewController.m in Sources */ = {isa = PBXBuildFile; fileRef = B3AD9FCB1DAFD9D600ACCF30 /* HWTabbBarViewController.m */; };
		B3AD9FEE1DAFD9D600ACCF30 /* AppDelegate.m in Sources */ = {isa = PBXBuildFile; fileRef = B3AD9FD01DAFD9D600ACCF30 /* AppDelegate.m */; };
		B3AD9FEF1DAFD9D600ACCF30 /* main.m in Sources */ = {isa = PBXBuildFile; fileRef = B3AD9FD11DAFD9D600ACCF30 /* main.m */; };
		B3AD9FF01DAFD9D600ACCF30 /* HWMessageCenterViewController.m in Sources */ = {isa = PBXBuildFile; fileRef = B3AD9FD61DAFD9D600ACCF30 /* HWMessageCenterViewController.m */; };
		B3AD9FF11DAFD9D600ACCF30 /* HWProfileViewController.m in Sources */ = {isa = PBXBuildFile; fileRef = B3AD9FDC1DAFD9D600ACCF30 /* HWProfileViewController.m */; };
		B3AD9FF21DAFD9D600ACCF30 /* HWTest1ViewController.m in Sources */ = {isa = PBXBuildFile; fileRef = B3AD9FE11DAFD9D600ACCF30 /* HWTest1ViewController.m */; };
		B3AD9FF31DAFD9D600ACCF30 /* HWTest1ViewController.xib in Resources */ = {isa = PBXBuildFile; fileRef = B3AD9FE21DAFD9D600ACCF30 /* HWTest1ViewController.xib */; };
		B3AD9FF41DAFD9D600ACCF30 /* HWTest2ViewController.m in Sources */ = {isa = PBXBuildFile; fileRef = B3AD9FE41DAFD9D600ACCF30 /* HWTest2ViewController.m */; };
		B3AD9FF51DAFD9D600ACCF30 /* HWTest2ViewController.xib in Resources */ = {isa = PBXBuildFile; fileRef = B3AD9FE51DAFD9D600ACCF30 /* HWTest2ViewController.xib */; };
		B3AD9FF61DAFD9D600ACCF30 /* HWTest3ViewController.m in Sources */ = {isa = PBXBuildFile; fileRef = B3AD9FE71DAFD9D600ACCF30 /* HWTest3ViewController.m */; };
		B3AD9FF71DAFD9D600ACCF30 /* HWTest3ViewController.xib in Resources */ = {isa = PBXBuildFile; fileRef = B3AD9FE81DAFD9D600ACCF30 /* HWTest3ViewController.xib */; };
		B3AD9FFA1DAFDF9D00ACCF30 /* HWItemTool.m in Sources */ = {isa = PBXBuildFile; fileRef = B3AD9FF91DAFDF9D00ACCF30 /* HWItemTool.m */; };
		B3AD9FFD1DAFE33600ACCF30 /* UIBarButtonItem+Extension.m in Sources */ = {isa = PBXBuildFile; fileRef = B3AD9FFC1DAFE33600ACCF30 /* UIBarButtonItem+Extension.m */; };
		B3B60B7E1DBB39E200987943 /* HWIconView.m in Sources */ = {isa = PBXBuildFile; fileRef = B3B60B7D1DBB39E200987943 /* HWIconView.m */; };
		B3BD19931DBC5F5100C566D3 /* HWComposeViewController.m in Sources */ = {isa = PBXBuildFile; fileRef = B3BD19921DBC5F5100C566D3 /* HWComposeViewController.m */; };
		B3BD19961DBC840500C566D3 /* HWTextView.m in Sources */ = {isa = PBXBuildFile; fileRef = B3BD19951DBC840500C566D3 /* HWTextView.m */; };
		B3BD199A1DBC9DD400C566D3 /* HWComposeToolbar.m in Sources */ = {isa = PBXBuildFile; fileRef = B3BD19991DBC9DD400C566D3 /* HWComposeToolbar.m */; };
		B3DC58F91DB8EEF2003ACCDD /* HWStatusPhotosView.m in Sources */ = {isa = PBXBuildFile; fileRef = B3DC58F81DB8EEF2003ACCDD /* HWStatusPhotosView.m */; };
		B3DC58FC1DB906A5003ACCDD /* HWStatusPhotoView.m in Sources */ = {isa = PBXBuildFile; fileRef = B3DC58FB1DB906A5003ACCDD /* HWStatusPhotoView.m */; };
		B3F9A2F71DC47AE00006EF6C /* HWEmotionKeyboard.m in Sources */ = {isa = PBXBuildFile; fileRef = B3F9A2F61DC47AE00006EF6C /* HWEmotionKeyboard.m */; };
		B3F9A2FA1DC47D100006EF6C /* HWEmotionListView.m in Sources */ = {isa = PBXBuildFile; fileRef = B3F9A2F91DC47D100006EF6C /* HWEmotionListView.m */; };
		B3F9A2FD1DC47D560006EF6C /* HWEmotionTabBar.m in Sources */ = {isa = PBXBuildFile; fileRef = B3F9A2FC1DC47D560006EF6C /* HWEmotionTabBar.m */; };
		B3FF4F631DAE61470083809C /* Assets.xcassets in Resources */ = {isa = PBXBuildFile; fileRef = B3FF4F621DAE61470083809C /* Assets.xcassets */; };
		B3FF4F661DAE61470083809C /* LaunchScreen.storyboard in Resources */ = {isa = PBXBuildFile; fileRef = B3FF4F641DAE61470083809C /* LaunchScreen.storyboard */; };
		B3FF4F711DAE61470083809C /* LLSinaAppTests.m in Sources */ = {isa = PBXBuildFile; fileRef = B3FF4F701DAE61470083809C /* LLSinaAppTests.m */; };
		B3FF4F7C1DAE61470083809C /* LLSinaAppUITests.m in Sources */ = {isa = PBXBuildFile; fileRef = B3FF4F7B1DAE61470083809C /* LLSinaAppUITests.m */; };
		FD3B9683873E69A7F39D305E /* libPods-LLSinaApp.a in Frameworks */ = {isa = PBXBuildFile; fileRef = 5C85D59B7144252F25A31B65 /* libPods-LLSinaApp.a */; };
/* End PBXBuildFile section */

/* Begin PBXContainerItemProxy section */
		B3FF4F6D1DAE61470083809C /* PBXContainerItemProxy */ = {
			isa = PBXContainerItemProxy;
			containerPortal = B3FF4F4B1DAE61470083809C /* Project object */;
			proxyType = 1;
			remoteGlobalIDString = B3FF4F521DAE61470083809C;
			remoteInfo = LLSinaApp;
		};
		B3FF4F781DAE61470083809C /* PBXContainerItemProxy */ = {
			isa = PBXContainerItemProxy;
			containerPortal = B3FF4F4B1DAE61470083809C /* Project object */;
			proxyType = 1;
			remoteGlobalIDString = B3FF4F521DAE61470083809C;
			remoteInfo = LLSinaApp;
		};
/* End PBXContainerItemProxy section */

/* Begin PBXFileReference section */
		5C85D59B7144252F25A31B65 /* libPods-LLSinaApp.a */ = {isa = PBXFileReference; explicitFileType = archive.ar; includeInIndex = 0; path = "libPods-LLSinaApp.a"; sourceTree = BUILT_PRODUCTS_DIR; };
		B1CA9A650DC3356712B2879B /* Pods-LLSinaApp.debug.xcconfig */ = {isa = PBXFileReference; includeInIndex = 1; lastKnownFileType = text.xcconfig; name = "Pods-LLSinaApp.debug.xcconfig"; path = "Pods/Target Support Files/Pods-LLSinaApp/Pods-LLSinaApp.debug.xcconfig"; sourceTree = "<group>"; };
		B3016B6E1DB24CC400433AC5 /* HWNewfeatureViewController.h */ = {isa = PBXFileReference; fileEncoding = 4; lastKnownFileType = sourcecode.c.h; path = HWNewfeatureViewController.h; sourceTree = "<group>"; };
		B3016B6F1DB24CC400433AC5 /* HWNewfeatureViewController.m */ = {isa = PBXFileReference; fileEncoding = 4; lastKnownFileType = sourcecode.c.objc; path = HWNewfeatureViewController.m; sourceTree = "<group>"; };
		B3016B731DB24D6300433AC5 /* HWOAuthViewController.h */ = {isa = PBXFileReference; fileEncoding = 4; lastKnownFileType = sourcecode.c.h; path = HWOAuthViewController.h; sourceTree = "<group>"; };
		B3016B741DB24D6300433AC5 /* HWOAuthViewController.m */ = {isa = PBXFileReference; fileEncoding = 4; lastKnownFileType = sourcecode.c.objc; path = HWOAuthViewController.m; sourceTree = "<group>"; };
		B3016B771DB2594800433AC5 /* AFHTTPSessionManager.h */ = {isa = PBXFileReference; fileEncoding = 4; lastKnownFileType = sourcecode.c.h; path = AFHTTPSessionManager.h; sourceTree = "<group>"; };
		B3016B781DB2594800433AC5 /* AFHTTPSessionManager.m */ = {isa = PBXFileReference; fileEncoding = 4; lastKnownFileType = sourcecode.c.objc; path = AFHTTPSessionManager.m; sourceTree = "<group>"; };
		B3016B791DB2594800433AC5 /* AFNetworking.h */ = {isa = PBXFileReference; fileEncoding = 4; lastKnownFileType = sourcecode.c.h; path = AFNetworking.h; sourceTree = "<group>"; };
		B3016B7A1DB2594800433AC5 /* AFNetworkReachabilityManager.h */ = {isa = PBXFileReference; fileEncoding = 4; lastKnownFileType = sourcecode.c.h; path = AFNetworkReachabilityManager.h; sourceTree = "<group>"; };
		B3016B7B1DB2594800433AC5 /* AFNetworkReachabilityManager.m */ = {isa = PBXFileReference; fileEncoding = 4; lastKnownFileType = sourcecode.c.objc; path = AFNetworkReachabilityManager.m; sourceTree = "<group>"; };
		B3016B7C1DB2594800433AC5 /* AFSecurityPolicy.h */ = {isa = PBXFileReference; fileEncoding = 4; lastKnownFileType = sourcecode.c.h; path = AFSecurityPolicy.h; sourceTree = "<group>"; };
		B3016B7D1DB2594800433AC5 /* AFSecurityPolicy.m */ = {isa = PBXFileReference; fileEncoding = 4; lastKnownFileType = sourcecode.c.objc; path = AFSecurityPolicy.m; sourceTree = "<group>"; };
		B3016B7E1DB2594800433AC5 /* AFURLRequestSerialization.h */ = {isa = PBXFileReference; fileEncoding = 4; lastKnownFileType = sourcecode.c.h; path = AFURLRequestSerialization.h; sourceTree = "<group>"; };
		B3016B7F1DB2594800433AC5 /* AFURLRequestSerialization.m */ = {isa = PBXFileReference; fileEncoding = 4; lastKnownFileType = sourcecode.c.objc; path = AFURLRequestSerialization.m; sourceTree = "<group>"; };
		B3016B801DB2594800433AC5 /* AFURLResponseSerialization.h */ = {isa = PBXFileReference; fileEncoding = 4; lastKnownFileType = sourcecode.c.h; path = AFURLResponseSerialization.h; sourceTree = "<group>"; };
		B3016B811DB2594800433AC5 /* AFURLResponseSerialization.m */ = {isa = PBXFileReference; fileEncoding = 4; lastKnownFileType = sourcecode.c.objc; path = AFURLResponseSerialization.m; sourceTree = "<group>"; };
		B3016B821DB2594800433AC5 /* AFURLSessionManager.h */ = {isa = PBXFileReference; fileEncoding = 4; lastKnownFileType = sourcecode.c.h; path = AFURLSessionManager.h; sourceTree = "<group>"; };
		B3016B831DB2594800433AC5 /* AFURLSessionManager.m */ = {isa = PBXFileReference; fileEncoding = 4; lastKnownFileType = sourcecode.c.objc; path = AFURLSessionManager.m; sourceTree = "<group>"; };
		B3016B8B1DB26E1E00433AC5 /* HWAccount.h */ = {isa = PBXFileReference; fileEncoding = 4; lastKnownFileType = sourcecode.c.h; path = HWAccount.h; sourceTree = "<group>"; };
		B3016B8C1DB26E1E00433AC5 /* HWAccount.m */ = {isa = PBXFileReference; fileEncoding = 4; lastKnownFileType = sourcecode.c.objc; path = HWAccount.m; sourceTree = "<group>"; };
		B3016B8F1DB2796D00433AC5 /* HWAccountTool.h */ = {isa = PBXFileReference; fileEncoding = 4; lastKnownFileType = sourcecode.c.h; path = HWAccountTool.h; sourceTree = "<group>"; };
		B3016B901DB2796D00433AC5 /* HWAccountTool.m */ = {isa = PBXFileReference; fileEncoding = 4; lastKnownFileType = sourcecode.c.objc; path = HWAccountTool.m; sourceTree = "<group>"; };
		B3016B921DB289C000433AC5 /* UIWindow+Extension.h */ = {isa = PBXFileReference; fileEncoding = 4; lastKnownFileType = sourcecode.c.h; path = "UIWindow+Extension.h"; sourceTree = "<group>"; };
		B3016B931DB289C000433AC5 /* UIWindow+Extension.m */ = {isa = PBXFileReference; fileEncoding = 4; lastKnownFileType = sourcecode.c.objc; path = "UIWindow+Extension.m"; sourceTree = "<group>"; };
		B3016B981DB29F9300433AC5 /* HWTitleButton.h */ = {isa = PBXFileReference; fileEncoding = 4; lastKnownFileType = sourcecode.c.h; path = HWTitleButton.h; sourceTree = "<group>"; };
		B3016B991DB29F9300433AC5 /* HWTitleButton.m */ = {isa = PBXFileReference; fileEncoding = 4; lastKnownFileType = sourcecode.c.objc; path = HWTitleButton.m; sourceTree = "<group>"; };
		B30AB9761DBE4F3700FF9BCB /* HWComposePhotosView.h */ = {isa = PBXFileReference; fileEncoding = 4; lastKnownFileType = sourcecode.c.h; path = HWComposePhotosView.h; sourceTree = "<group>"; };
		B30AB9771DBE4F3700FF9BCB /* HWComposePhotosView.m */ = {isa = PBXFileReference; fileEncoding = 4; lastKnownFileType = sourcecode.c.objc; path = HWComposePhotosView.m; sourceTree = "<group>"; };
		B30C9FF01DD2F15200C21615 /* HWEmotionTabBarButton.h */ = {isa = PBXFileReference; fileEncoding = 4; lastKnownFileType = sourcecode.c.h; path = HWEmotionTabBarButton.h; sourceTree = "<group>"; };
		B30C9FF11DD2F15200C21615 /* HWEmotionTabBarButton.m */ = {isa = PBXFileReference; fileEncoding = 4; lastKnownFileType = sourcecode.c.objc; path = HWEmotionTabBarButton.m; sourceTree = "<group>"; };
		B3491CC81DB49DB2004F8BF6 /* MKAnnotationView+WebCache.h */ = {isa = PBXFileReference; fileEncoding = 4; lastKnownFileType = sourcecode.c.h; path = "MKAnnotationView+WebCache.h"; sourceTree = "<group>"; };
		B3491CC91DB49DB2004F8BF6 /* MKAnnotationView+WebCache.m */ = {isa = PBXFileReference; fileEncoding = 4; lastKnownFileType = sourcecode.c.objc; path = "MKAnnotationView+WebCache.m"; sourceTree = "<group>"; };
		B3491CCA1DB49DB2004F8BF6 /* NSData+ImageContentType.h */ = {isa = PBXFileReference; fileEncoding = 4; lastKnownFileType = sourcecode.c.h; path = "NSData+ImageContentType.h"; sourceTree = "<group>"; };
		B3491CCB1DB49DB2004F8BF6 /* NSData+ImageContentType.m */ = {isa = PBXFileReference; fileEncoding = 4; lastKnownFileType = sourcecode.c.objc; path = "NSData+ImageContentType.m"; sourceTree = "<group>"; };
		B3491CCC1DB49DB2004F8BF6 /* SDImageCache.h */ = {isa = PBXFileReference; fileEncoding = 4; lastKnownFileType = sourcecode.c.h; path = SDImageCache.h; sourceTree = "<group>"; };
		B3491CCD1DB49DB2004F8BF6 /* SDImageCache.m */ = {isa = PBXFileReference; fileEncoding = 4; lastKnownFileType = sourcecode.c.objc; path = SDImageCache.m; sourceTree = "<group>"; };
		B3491CCE1DB49DB2004F8BF6 /* SDWebImageCompat.h */ = {isa = PBXFileReference; fileEncoding = 4; lastKnownFileType = sourcecode.c.h; path = SDWebImageCompat.h; sourceTree = "<group>"; };
		B3491CCF1DB49DB2004F8BF6 /* SDWebImageCompat.m */ = {isa = PBXFileReference; fileEncoding = 4; lastKnownFileType = sourcecode.c.objc; path = SDWebImageCompat.m; sourceTree = "<group>"; };
		B3491CD01DB49DB2004F8BF6 /* SDWebImageDecoder.h */ = {isa = PBXFileReference; fileEncoding = 4; lastKnownFileType = sourcecode.c.h; path = SDWebImageDecoder.h; sourceTree = "<group>"; };
		B3491CD11DB49DB2004F8BF6 /* SDWebImageDecoder.m */ = {isa = PBXFileReference; fileEncoding = 4; lastKnownFileType = sourcecode.c.objc; path = SDWebImageDecoder.m; sourceTree = "<group>"; };
		B3491CD21DB49DB2004F8BF6 /* SDWebImageDownloader.h */ = {isa = PBXFileReference; fileEncoding = 4; lastKnownFileType = sourcecode.c.h; path = SDWebImageDownloader.h; sourceTree = "<group>"; };
		B3491CD31DB49DB2004F8BF6 /* SDWebImageDownloader.m */ = {isa = PBXFileReference; fileEncoding = 4; lastKnownFileType = sourcecode.c.objc; path = SDWebImageDownloader.m; sourceTree = "<group>"; };
		B3491CD41DB49DB2004F8BF6 /* SDWebImageDownloaderOperation.h */ = {isa = PBXFileReference; fileEncoding = 4; lastKnownFileType = sourcecode.c.h; path = SDWebImageDownloaderOperation.h; sourceTree = "<group>"; };
		B3491CD51DB49DB2004F8BF6 /* SDWebImageDownloaderOperation.m */ = {isa = PBXFileReference; fileEncoding = 4; lastKnownFileType = sourcecode.c.objc; path = SDWebImageDownloaderOperation.m; sourceTree = "<group>"; };
		B3491CD61DB49DB2004F8BF6 /* SDWebImageManager.h */ = {isa = PBXFileReference; fileEncoding = 4; lastKnownFileType = sourcecode.c.h; path = SDWebImageManager.h; sourceTree = "<group>"; };
		B3491CD71DB49DB2004F8BF6 /* SDWebImageManager.m */ = {isa = PBXFileReference; fileEncoding = 4; lastKnownFileType = sourcecode.c.objc; path = SDWebImageManager.m; sourceTree = "<group>"; };
		B3491CD81DB49DB2004F8BF6 /* SDWebImageOperation.h */ = {isa = PBXFileReference; fileEncoding = 4; lastKnownFileType = sourcecode.c.h; path = SDWebImageOperation.h; sourceTree = "<group>"; };
		B3491CD91DB49DB2004F8BF6 /* SDWebImagePrefetcher.h */ = {isa = PBXFileReference; fileEncoding = 4; lastKnownFileType = sourcecode.c.h; path = SDWebImagePrefetcher.h; sourceTree = "<group>"; };
		B3491CDA1DB49DB2004F8BF6 /* SDWebImagePrefetcher.m */ = {isa = PBXFileReference; fileEncoding = 4; lastKnownFileType = sourcecode.c.objc; path = SDWebImagePrefetcher.m; sourceTree = "<group>"; };
		B3491CDB1DB49DB2004F8BF6 /* UIButton+WebCache.h */ = {isa = PBXFileReference; fileEncoding = 4; lastKnownFileType = sourcecode.c.h; path = "UIButton+WebCache.h"; sourceTree = "<group>"; };
		B3491CDC1DB49DB2004F8BF6 /* UIButton+WebCache.m */ = {isa = PBXFileReference; fileEncoding = 4; lastKnownFileType = sourcecode.c.objc; path = "UIButton+WebCache.m"; sourceTree = "<group>"; };
		B3491CDD1DB49DB2004F8BF6 /* UIImage+GIF.h */ = {isa = PBXFileReference; fileEncoding = 4; lastKnownFileType = sourcecode.c.h; path = "UIImage+GIF.h"; sourceTree = "<group>"; };
		B3491CDE1DB49DB2004F8BF6 /* UIImage+GIF.m */ = {isa = PBXFileReference; fileEncoding = 4; lastKnownFileType = sourcecode.c.objc; path = "UIImage+GIF.m"; sourceTree = "<group>"; };
		B3491CDF1DB49DB2004F8BF6 /* UIImage+MultiFormat.h */ = {isa = PBXFileReference; fileEncoding = 4; lastKnownFileType = sourcecode.c.h; path = "UIImage+MultiFormat.h"; sourceTree = "<group>"; };
		B3491CE01DB49DB2004F8BF6 /* UIImage+MultiFormat.m */ = {isa = PBXFileReference; fileEncoding = 4; lastKnownFileType = sourcecode.c.objc; path = "UIImage+MultiFormat.m"; sourceTree = "<group>"; };
		B3491CE11DB49DB2004F8BF6 /* UIImage+WebP.h */ = {isa = PBXFileReference; fileEncoding = 4; lastKnownFileType = sourcecode.c.h; path = "UIImage+WebP.h"; sourceTree = "<group>"; };
		B3491CE21DB49DB2004F8BF6 /* UIImage+WebP.m */ = {isa = PBXFileReference; fileEncoding = 4; lastKnownFileType = sourcecode.c.objc; path = "UIImage+WebP.m"; sourceTree = "<group>"; };
		B3491CE31DB49DB2004F8BF6 /* UIImageView+HighlightedWebCache.h */ = {isa = PBXFileReference; fileEncoding = 4; lastKnownFileType = sourcecode.c.h; path = "UIImageView+HighlightedWebCache.h"; sourceTree = "<group>"; };
		B3491CE41DB49DB2004F8BF6 /* UIImageView+HighlightedWebCache.m */ = {isa = PBXFileReference; fileEncoding = 4; lastKnownFileType = sourcecode.c.objc; path = "UIImageView+HighlightedWebCache.m"; sourceTree = "<group>"; };
		B3491CE51DB49DB2004F8BF6 /* UIImageView+WebCache.h */ = {isa = PBXFileReference; fileEncoding = 4; lastKnownFileType = sourcecode.c.h; path = "UIImageView+WebCache.h"; sourceTree = "<group>"; };
		B3491CE61DB49DB2004F8BF6 /* UIImageView+WebCache.m */ = {isa = PBXFileReference; fileEncoding = 4; lastKnownFileType = sourcecode.c.objc; path = "UIImageView+WebCache.m"; sourceTree = "<group>"; };
		B3491CE71DB49DB2004F8BF6 /* UIView+WebCacheOperation.h */ = {isa = PBXFileReference; fileEncoding = 4; lastKnownFileType = sourcecode.c.h; path = "UIView+WebCacheOperation.h"; sourceTree = "<group>"; };
		B3491CE81DB49DB2004F8BF6 /* UIView+WebCacheOperation.m */ = {isa = PBXFileReference; fileEncoding = 4; lastKnownFileType = sourcecode.c.objc; path = "UIView+WebCacheOperation.m"; sourceTree = "<group>"; };
		B3491CF91DB4A051004F8BF6 /* HWUser.h */ = {isa = PBXFileReference; fileEncoding = 4; lastKnownFileType = sourcecode.c.h; path = HWUser.h; sourceTree = "<group>"; };
		B3491CFA1DB4A051004F8BF6 /* HWUser.m */ = {isa = PBXFileReference; fileEncoding = 4; lastKnownFileType = sourcecode.c.objc; path = HWUser.m; sourceTree = "<group>"; };
		B3491CFC1DB4A06E004F8BF6 /* HWStatus.h */ = {isa = PBXFileReference; fileEncoding = 4; lastKnownFileType = sourcecode.c.h; path = HWStatus.h; sourceTree = "<group>"; };
		B3491CFD1DB4A06E004F8BF6 /* HWStatus.m */ = {isa = PBXFileReference; fileEncoding = 4; lastKnownFileType = sourcecode.c.objc; path = HWStatus.m; sourceTree = "<group>"; };
		B3491CFF1DB4E541004F8BF6 /* HWLoadMoreFooter.h */ = {isa = PBXFileReference; fileEncoding = 4; lastKnownFileType = sourcecode.c.h; path = HWLoadMoreFooter.h; sourceTree = "<group>"; };
		B3491D001DB4E541004F8BF6 /* HWLoadMoreFooter.m */ = {isa = PBXFileReference; fileEncoding = 4; lastKnownFileType = sourcecode.c.objc; path = HWLoadMoreFooter.m; sourceTree = "<group>"; };
		B3491D021DB4E56E004F8BF6 /* HWLoadMoreFooter.xib */ = {isa = PBXFileReference; fileEncoding = 4; lastKnownFileType = file.xib; path = HWLoadMoreFooter.xib; sourceTree = "<group>"; };
		B361BAF01DB8A655005DA766 /* NSString+Extension.h */ = {isa = PBXFileReference; fileEncoding = 4; lastKnownFileType = sourcecode.c.h; path = "NSString+Extension.h"; sourceTree = "<group>"; };
		B361BAF11DB8A655005DA766 /* NSString+Extension.m */ = {isa = PBXFileReference; fileEncoding = 4; lastKnownFileType = sourcecode.c.objc; path = "NSString+Extension.m"; sourceTree = "<group>"; };
		B36229511DB706DB0026A449 /* HWPhoto.h */ = {isa = PBXFileReference; fileEncoding = 4; lastKnownFileType = sourcecode.c.h; path = HWPhoto.h; sourceTree = "<group>"; };
		B36229521DB706DB0026A449 /* HWPhoto.m */ = {isa = PBXFileReference; fileEncoding = 4; lastKnownFileType = sourcecode.c.objc; path = HWPhoto.m; sourceTree = "<group>"; };
		B36229541DB757D80026A449 /* HWStatusToolbar.h */ = {isa = PBXFileReference; fileEncoding = 4; lastKnownFileType = sourcecode.c.h; path = HWStatusToolbar.h; sourceTree = "<group>"; };
		B36229551DB757D80026A449 /* HWStatusToolbar.m */ = {isa = PBXFileReference; fileEncoding = 4; lastKnownFileType = sourcecode.c.objc; path = HWStatusToolbar.m; sourceTree = "<group>"; };
		B36229571DB7B1030026A449 /* NSDate+Extension.h */ = {isa = PBXFileReference; fileEncoding = 4; lastKnownFileType = sourcecode.c.h; path = "NSDate+Extension.h"; sourceTree = "<group>"; };
		B36229581DB7B1030026A449 /* NSDate+Extension.m */ = {isa = PBXFileReference; fileEncoding = 4; lastKnownFileType = sourcecode.c.objc; path = "NSDate+Extension.m"; sourceTree = "<group>"; };
		B37E78691DB6491400C4160E /* HWStatusCell.h */ = {isa = PBXFileReference; fileEncoding = 4; lastKnownFileType = sourcecode.c.h; path = HWStatusCell.h; sourceTree = "<group>"; };
		B37E786A1DB6491400C4160E /* HWStatusCell.m */ = {isa = PBXFileReference; fileEncoding = 4; lastKnownFileType = sourcecode.c.objc; path = HWStatusCell.m; sourceTree = "<group>"; };
		B37E786C1DB64F3100C4160E /* HWStatusFrame.h */ = {isa = PBXFileReference; fileEncoding = 4; lastKnownFileType = sourcecode.c.h; path = HWStatusFrame.h; sourceTree = "<group>"; };
		B37E786D1DB64F3100C4160E /* HWStatusFrame.m */ = {isa = PBXFileReference; fileEncoding = 4; lastKnownFileType = sourcecode.c.objc; path = HWStatusFrame.m; sourceTree = "<group>"; };
		B392D7541DB0C41C00187E84 /* HWSearchBar.h */ = {isa = PBXFileReference; fileEncoding = 4; lastKnownFileType = sourcecode.c.h; path = HWSearchBar.h; sourceTree = "<group>"; };
		B392D7551DB0C41C00187E84 /* HWSearchBar.m */ = {isa = PBXFileReference; fileEncoding = 4; lastKnownFileType = sourcecode.c.objc; path = HWSearchBar.m; sourceTree = "<group>"; };
		B392D7571DB0D54100187E84 /* HWDropdownMenu.h */ = {isa = PBXFileReference; fileEncoding = 4; lastKnownFileType = sourcecode.c.h; path = HWDropdownMenu.h; sourceTree = "<group>"; };
		B392D7581DB0D54100187E84 /* HWDropdownMenu.m */ = {isa = PBXFileReference; fileEncoding = 4; lastKnownFileType = sourcecode.c.objc; path = HWDropdownMenu.m; sourceTree = "<group>"; };
		B392D75D1DB0E23800187E84 /* HWTitleMenuViewController.h */ = {isa = PBXFileReference; fileEncoding = 4; lastKnownFileType = sourcecode.c.h; path = HWTitleMenuViewController.h; sourceTree = "<group>"; };
		B392D75E1DB0E23800187E84 /* HWTitleMenuViewController.m */ = {isa = PBXFileReference; fileEncoding = 4; lastKnownFileType = sourcecode.c.objc; path = HWTitleMenuViewController.m; sourceTree = "<group>"; };
		B392D7601DB10FC300187E84 /* HWTabBar.h */ = {isa = PBXFileReference; fileEncoding = 4; lastKnownFileType = sourcecode.c.h; path = HWTabBar.h; sourceTree = "<group>"; };
		B392D7611DB10FC300187E84 /* HWTabBar.m */ = {isa = PBXFileReference; fileEncoding = 4; lastKnownFileType = sourcecode.c.objc; path = HWTabBar.m; sourceTree = "<group>"; };
		B3AD9FB91DAFD9D600ACCF30 /* HWDiscoverViewController.h */ = {isa = PBXFileReference; fileEncoding = 4; lastKnownFileType = sourcecode.c.h; path = HWDiscoverViewController.h; sourceTree = "<group>"; };
		B3AD9FBA1DAFD9D600ACCF30 /* HWDiscoverViewController.m */ = {isa = PBXFileReference; fileEncoding = 4; lastKnownFileType = sourcecode.c.objc; path = HWDiscoverViewController.m; sourceTree = "<group>"; };
		B3AD9FBF1DAFD9D600ACCF30 /* HWHomeViewController.h */ = {isa = PBXFileReference; fileEncoding = 4; lastKnownFileType = sourcecode.c.h; path = HWHomeViewController.h; sourceTree = "<group>"; };
		B3AD9FC01DAFD9D600ACCF30 /* HWHomeViewController.m */ = {isa = PBXFileReference; fileEncoding = 4; lastKnownFileType = sourcecode.c.objc; path = HWHomeViewController.m; sourceTree = "<group>"; };
		B3AD9FC51DAFD9D600ACCF30 /* UIView+Extension.h */ = {isa = PBXFileReference; fileEncoding = 4; lastKnownFileType = sourcecode.c.h; path = "UIView+Extension.h"; sourceTree = "<group>"; };
		B3AD9FC61DAFD9D600ACCF30 /* UIView+Extension.m */ = {isa = PBXFileReference; fileEncoding = 4; lastKnownFileType = sourcecode.c.objc; path = "UIView+Extension.m"; sourceTree = "<group>"; };
		B3AD9FC81DAFD9D600ACCF30 /* HWNavigationController.h */ = {isa = PBXFileReference; fileEncoding = 4; lastKnownFileType = sourcecode.c.h; path = HWNavigationController.h; sourceTree = "<group>"; };
		B3AD9FC91DAFD9D600ACCF30 /* HWNavigationController.m */ = {isa = PBXFileReference; fileEncoding = 4; lastKnownFileType = sourcecode.c.objc; path = HWNavigationController.m; sourceTree = "<group>"; };
		B3AD9FCA1DAFD9D600ACCF30 /* HWTabbBarViewController.h */ = {isa = PBXFileReference; fileEncoding = 4; lastKnownFileType = sourcecode.c.h; path = HWTabbBarViewController.h; sourceTree = "<group>"; };
		B3AD9FCB1DAFD9D600ACCF30 /* HWTabbBarViewController.m */ = {isa = PBXFileReference; fileEncoding = 4; lastKnownFileType = sourcecode.c.objc; path = HWTabbBarViewController.m; sourceTree = "<group>"; };
		B3AD9FCF1DAFD9D600ACCF30 /* AppDelegate.h */ = {isa = PBXFileReference; fileEncoding = 4; lastKnownFileType = sourcecode.c.h; path = AppDelegate.h; sourceTree = "<group>"; };
		B3AD9FD01DAFD9D600ACCF30 /* AppDelegate.m */ = {isa = PBXFileReference; fileEncoding = 4; lastKnownFileType = sourcecode.c.objc; path = AppDelegate.m; sourceTree = "<group>"; };
		B3AD9FD11DAFD9D600ACCF30 /* main.m */ = {isa = PBXFileReference; fileEncoding = 4; lastKnownFileType = sourcecode.c.objc; path = main.m; sourceTree = "<group>"; };
		B3AD9FD51DAFD9D600ACCF30 /* HWMessageCenterViewController.h */ = {isa = PBXFileReference; fileEncoding = 4; lastKnownFileType = sourcecode.c.h; path = HWMessageCenterViewController.h; sourceTree = "<group>"; };
		B3AD9FD61DAFD9D600ACCF30 /* HWMessageCenterViewController.m */ = {isa = PBXFileReference; fileEncoding = 4; lastKnownFileType = sourcecode.c.objc; path = HWMessageCenterViewController.m; sourceTree = "<group>"; };
		B3AD9FDB1DAFD9D600ACCF30 /* HWProfileViewController.h */ = {isa = PBXFileReference; fileEncoding = 4; lastKnownFileType = sourcecode.c.h; path = HWProfileViewController.h; sourceTree = "<group>"; };
		B3AD9FDC1DAFD9D600ACCF30 /* HWProfileViewController.m */ = {isa = PBXFileReference; fileEncoding = 4; lastKnownFileType = sourcecode.c.objc; path = HWProfileViewController.m; sourceTree = "<group>"; };
		B3AD9FE01DAFD9D600ACCF30 /* HWTest1ViewController.h */ = {isa = PBXFileReference; fileEncoding = 4; lastKnownFileType = sourcecode.c.h; path = HWTest1ViewController.h; sourceTree = "<group>"; };
		B3AD9FE11DAFD9D600ACCF30 /* HWTest1ViewController.m */ = {isa = PBXFileReference; fileEncoding = 4; lastKnownFileType = sourcecode.c.objc; path = HWTest1ViewController.m; sourceTree = "<group>"; };
		B3AD9FE21DAFD9D600ACCF30 /* HWTest1ViewController.xib */ = {isa = PBXFileReference; fileEncoding = 4; lastKnownFileType = file.xib; path = HWTest1ViewController.xib; sourceTree = "<group>"; };
		B3AD9FE31DAFD9D600ACCF30 /* HWTest2ViewController.h */ = {isa = PBXFileReference; fileEncoding = 4; lastKnownFileType = sourcecode.c.h; path = HWTest2ViewController.h; sourceTree = "<group>"; };
		B3AD9FE41DAFD9D600ACCF30 /* HWTest2ViewController.m */ = {isa = PBXFileReference; fileEncoding = 4; lastKnownFileType = sourcecode.c.objc; path = HWTest2ViewController.m; sourceTree = "<group>"; };
		B3AD9FE51DAFD9D600ACCF30 /* HWTest2ViewController.xib */ = {isa = PBXFileReference; fileEncoding = 4; lastKnownFileType = file.xib; path = HWTest2ViewController.xib; sourceTree = "<group>"; };
		B3AD9FE61DAFD9D600ACCF30 /* HWTest3ViewController.h */ = {isa = PBXFileReference; fileEncoding = 4; lastKnownFileType = sourcecode.c.h; path = HWTest3ViewController.h; sourceTree = "<group>"; };
		B3AD9FE71DAFD9D600ACCF30 /* HWTest3ViewController.m */ = {isa = PBXFileReference; fileEncoding = 4; lastKnownFileType = sourcecode.c.objc; path = HWTest3ViewController.m; sourceTree = "<group>"; };
		B3AD9FE81DAFD9D600ACCF30 /* HWTest3ViewController.xib */ = {isa = PBXFileReference; fileEncoding = 4; lastKnownFileType = file.xib; path = HWTest3ViewController.xib; sourceTree = "<group>"; };
		B3AD9FF81DAFDF9D00ACCF30 /* HWItemTool.h */ = {isa = PBXFileReference; fileEncoding = 4; lastKnownFileType = sourcecode.c.h; name = HWItemTool.h; path = ../HWItemTool.h; sourceTree = "<group>"; };
		B3AD9FF91DAFDF9D00ACCF30 /* HWItemTool.m */ = {isa = PBXFileReference; fileEncoding = 4; lastKnownFileType = sourcecode.c.objc; name = HWItemTool.m; path = ../HWItemTool.m; sourceTree = "<group>"; };
		B3AD9FFB1DAFE33600ACCF30 /* UIBarButtonItem+Extension.h */ = {isa = PBXFileReference; fileEncoding = 4; lastKnownFileType = sourcecode.c.h; path = "UIBarButtonItem+Extension.h"; sourceTree = "<group>"; };
		B3AD9FFC1DAFE33600ACCF30 /* UIBarButtonItem+Extension.m */ = {isa = PBXFileReference; fileEncoding = 4; lastKnownFileType = sourcecode.c.objc; path = "UIBarButtonItem+Extension.m"; sourceTree = "<group>"; };
		B3B60B7C1DBB39E200987943 /* HWIconView.h */ = {isa = PBXFileReference; fileEncoding = 4; lastKnownFileType = sourcecode.c.h; path = HWIconView.h; sourceTree = "<group>"; };
		B3B60B7D1DBB39E200987943 /* HWIconView.m */ = {isa = PBXFileReference; fileEncoding = 4; lastKnownFileType = sourcecode.c.objc; path = HWIconView.m; sourceTree = "<group>"; };
		B3BD19911DBC5F5100C566D3 /* HWComposeViewController.h */ = {isa = PBXFileReference; fileEncoding = 4; lastKnownFileType = sourcecode.c.h; path = HWComposeViewController.h; sourceTree = "<group>"; };
		B3BD19921DBC5F5100C566D3 /* HWComposeViewController.m */ = {isa = PBXFileReference; fileEncoding = 4; lastKnownFileType = sourcecode.c.objc; path = HWComposeViewController.m; sourceTree = "<group>"; };
		B3BD19941DBC840500C566D3 /* HWTextView.h */ = {isa = PBXFileReference; fileEncoding = 4; lastKnownFileType = sourcecode.c.h; path = HWTextView.h; sourceTree = "<group>"; };
		B3BD19951DBC840500C566D3 /* HWTextView.m */ = {isa = PBXFileReference; fileEncoding = 4; lastKnownFileType = sourcecode.c.objc; path = HWTextView.m; sourceTree = "<group>"; };
		B3BD19981DBC9DD400C566D3 /* HWComposeToolbar.h */ = {isa = PBXFileReference; fileEncoding = 4; lastKnownFileType = sourcecode.c.h; path = HWComposeToolbar.h; sourceTree = "<group>"; };
		B3BD19991DBC9DD400C566D3 /* HWComposeToolbar.m */ = {isa = PBXFileReference; fileEncoding = 4; lastKnownFileType = sourcecode.c.objc; path = HWComposeToolbar.m; sourceTree = "<group>"; };
		B3DC58F71DB8EEF2003ACCDD /* HWStatusPhotosView.h */ = {isa = PBXFileReference; fileEncoding = 4; lastKnownFileType = sourcecode.c.h; path = HWStatusPhotosView.h; sourceTree = "<group>"; };
		B3DC58F81DB8EEF2003ACCDD /* HWStatusPhotosView.m */ = {isa = PBXFileReference; fileEncoding = 4; lastKnownFileType = sourcecode.c.objc; path = HWStatusPhotosView.m; sourceTree = "<group>"; };
		B3DC58FA1DB906A5003ACCDD /* HWStatusPhotoView.h */ = {isa = PBXFileReference; fileEncoding = 4; lastKnownFileType = sourcecode.c.h; path = HWStatusPhotoView.h; sourceTree = "<group>"; };
		B3DC58FB1DB906A5003ACCDD /* HWStatusPhotoView.m */ = {isa = PBXFileReference; fileEncoding = 4; lastKnownFileType = sourcecode.c.objc; path = HWStatusPhotoView.m; sourceTree = "<group>"; };
		B3F9A2F51DC47AE00006EF6C /* HWEmotionKeyboard.h */ = {isa = PBXFileReference; fileEncoding = 4; lastKnownFileType = sourcecode.c.h; path = HWEmotionKeyboard.h; sourceTree = "<group>"; };
		B3F9A2F61DC47AE00006EF6C /* HWEmotionKeyboard.m */ = {isa = PBXFileReference; fileEncoding = 4; lastKnownFileType = sourcecode.c.objc; path = HWEmotionKeyboard.m; sourceTree = "<group>"; };
		B3F9A2F81DC47D100006EF6C /* HWEmotionListView.h */ = {isa = PBXFileReference; fileEncoding = 4; lastKnownFileType = sourcecode.c.h; path = HWEmotionListView.h; sourceTree = "<group>"; };
		B3F9A2F91DC47D100006EF6C /* HWEmotionListView.m */ = {isa = PBXFileReference; fileEncoding = 4; lastKnownFileType = sourcecode.c.objc; path = HWEmotionListView.m; sourceTree = "<group>"; };
		B3F9A2FB1DC47D560006EF6C /* HWEmotionTabBar.h */ = {isa = PBXFileReference; fileEncoding = 4; lastKnownFileType = sourcecode.c.h; path = HWEmotionTabBar.h; sourceTree = "<group>"; };
		B3F9A2FC1DC47D560006EF6C /* HWEmotionTabBar.m */ = {isa = PBXFileReference; fileEncoding = 4; lastKnownFileType = sourcecode.c.objc; path = HWEmotionTabBar.m; sourceTree = "<group>"; };
		B3FF4F531DAE61470083809C /* LLSinaApp.app */ = {isa = PBXFileReference; explicitFileType = wrapper.application; includeInIndex = 0; path = LLSinaApp.app; sourceTree = BUILT_PRODUCTS_DIR; };
		B3FF4F621DAE61470083809C /* Assets.xcassets */ = {isa = PBXFileReference; lastKnownFileType = folder.assetcatalog; path = Assets.xcassets; sourceTree = "<group>"; };
		B3FF4F651DAE61470083809C /* Base */ = {isa = PBXFileReference; lastKnownFileType = file.storyboard; name = Base; path = Base.lproj/LaunchScreen.storyboard; sourceTree = "<group>"; };
		B3FF4F671DAE61470083809C /* Info.plist */ = {isa = PBXFileReference; lastKnownFileType = text.plist.xml; path = Info.plist; sourceTree = "<group>"; };
		B3FF4F6C1DAE61470083809C /* LLSinaAppTests.xctest */ = {isa = PBXFileReference; explicitFileType = wrapper.cfbundle; includeInIndex = 0; path = LLSinaAppTests.xctest; sourceTree = BUILT_PRODUCTS_DIR; };
		B3FF4F701DAE61470083809C /* LLSinaAppTests.m */ = {isa = PBXFileReference; lastKnownFileType = sourcecode.c.objc; path = LLSinaAppTests.m; sourceTree = "<group>"; };
		B3FF4F721DAE61470083809C /* Info.plist */ = {isa = PBXFileReference; lastKnownFileType = text.plist.xml; path = Info.plist; sourceTree = "<group>"; };
		B3FF4F771DAE61470083809C /* LLSinaAppUITests.xctest */ = {isa = PBXFileReference; explicitFileType = wrapper.cfbundle; includeInIndex = 0; path = LLSinaAppUITests.xctest; sourceTree = BUILT_PRODUCTS_DIR; };
		B3FF4F7B1DAE61470083809C /* LLSinaAppUITests.m */ = {isa = PBXFileReference; lastKnownFileType = sourcecode.c.objc; path = LLSinaAppUITests.m; sourceTree = "<group>"; };
		B3FF4F7D1DAE61470083809C /* Info.plist */ = {isa = PBXFileReference; lastKnownFileType = text.plist.xml; path = Info.plist; sourceTree = "<group>"; };
		B3FF4F8F1DAE6A440083809C /* PrefixHeader.pch */ = {isa = PBXFileReference; fileEncoding = 4; lastKnownFileType = sourcecode.c.h; path = PrefixHeader.pch; sourceTree = "<group>"; };
		B9BE2A7F78CAC6334035B02F /* Pods-LLSinaApp.release.xcconfig */ = {isa = PBXFileReference; includeInIndex = 1; lastKnownFileType = text.xcconfig; name = "Pods-LLSinaApp.release.xcconfig"; path = "Pods/Target Support Files/Pods-LLSinaApp/Pods-LLSinaApp.release.xcconfig"; sourceTree = "<group>"; };
/* End PBXFileReference section */

/* Begin PBXFrameworksBuildPhase section */
		B3FF4F501DAE61470083809C /* Frameworks */ = {
			isa = PBXFrameworksBuildPhase;
			buildActionMask = 2147483647;
			files = (
				FD3B9683873E69A7F39D305E /* libPods-LLSinaApp.a in Frameworks */,
			);
			runOnlyForDeploymentPostprocessing = 0;
		};
		B3FF4F691DAE61470083809C /* Frameworks */ = {
			isa = PBXFrameworksBuildPhase;
			buildActionMask = 2147483647;
			files = (
			);
			runOnlyForDeploymentPostprocessing = 0;
		};
		B3FF4F741DAE61470083809C /* Frameworks */ = {
			isa = PBXFrameworksBuildPhase;
			buildActionMask = 2147483647;
			files = (
			);
			runOnlyForDeploymentPostprocessing = 0;
		};
/* End PBXFrameworksBuildPhase section */

/* Begin PBXGroup section */
		7C88E2E63BFEA92D3EF0DEE9 /* Pods */ = {
			isa = PBXGroup;
			children = (
				B1CA9A650DC3356712B2879B /* Pods-LLSinaApp.debug.xcconfig */,
				B9BE2A7F78CAC6334035B02F /* Pods-LLSinaApp.release.xcconfig */,
			);
			name = Pods;
			sourceTree = "<group>";
		};
		B3016B6D1DB24CC400433AC5 /* Controller */ = {
			isa = PBXGroup;
			children = (
				B3016B6E1DB24CC400433AC5 /* HWNewfeatureViewController.h */,
				B3016B6F1DB24CC400433AC5 /* HWNewfeatureViewController.m */,
			);
			path = Controller;
			sourceTree = "<group>";
		};
		B3016B711DB24D4200433AC5 /* OAuth */ = {
			isa = PBXGroup;
			children = (
				B3016B8E1DB2795000433AC5 /* Tool */,
				B3016B8A1DB26DFF00433AC5 /* Model */,
				B3016B721DB24D4200433AC5 /* Controller */,
			);
			path = OAuth;
			sourceTree = "<group>";
		};
		B3016B721DB24D4200433AC5 /* Controller */ = {
			isa = PBXGroup;
			children = (
				B3016B731DB24D6300433AC5 /* HWOAuthViewController.h */,
				B3016B741DB24D6300433AC5 /* HWOAuthViewController.m */,
			);
			path = Controller;
			sourceTree = "<group>";
		};
		B3016B761DB2594800433AC5 /* AFNetworking */ = {
			isa = PBXGroup;
			children = (
				B3016B771DB2594800433AC5 /* AFHTTPSessionManager.h */,
				B3016B781DB2594800433AC5 /* AFHTTPSessionManager.m */,
				B3016B791DB2594800433AC5 /* AFNetworking.h */,
				B3016B7A1DB2594800433AC5 /* AFNetworkReachabilityManager.h */,
				B3016B7B1DB2594800433AC5 /* AFNetworkReachabilityManager.m */,
				B3016B7C1DB2594800433AC5 /* AFSecurityPolicy.h */,
				B3016B7D1DB2594800433AC5 /* AFSecurityPolicy.m */,
				B3016B7E1DB2594800433AC5 /* AFURLRequestSerialization.h */,
				B3016B7F1DB2594800433AC5 /* AFURLRequestSerialization.m */,
				B3016B801DB2594800433AC5 /* AFURLResponseSerialization.h */,
				B3016B811DB2594800433AC5 /* AFURLResponseSerialization.m */,
				B3016B821DB2594800433AC5 /* AFURLSessionManager.h */,
				B3016B831DB2594800433AC5 /* AFURLSessionManager.m */,
			);
			path = AFNetworking;
			sourceTree = "<group>";
		};
		B3016B8A1DB26DFF00433AC5 /* Model */ = {
			isa = PBXGroup;
			children = (
				B3016B8B1DB26E1E00433AC5 /* HWAccount.h */,
				B3016B8C1DB26E1E00433AC5 /* HWAccount.m */,
			);
			path = Model;
			sourceTree = "<group>";
		};
		B3016B8E1DB2795000433AC5 /* Tool */ = {
			isa = PBXGroup;
			children = (
				B3016B8F1DB2796D00433AC5 /* HWAccountTool.h */,
				B3016B901DB2796D00433AC5 /* HWAccountTool.m */,
			);
			path = Tool;
			sourceTree = "<group>";
		};
		B3491CC71DB49DB2004F8BF6 /* SDWebImage */ = {
			isa = PBXGroup;
			children = (
				B3491CC81DB49DB2004F8BF6 /* MKAnnotationView+WebCache.h */,
				B3491CC91DB49DB2004F8BF6 /* MKAnnotationView+WebCache.m */,
				B3491CCA1DB49DB2004F8BF6 /* NSData+ImageContentType.h */,
				B3491CCB1DB49DB2004F8BF6 /* NSData+ImageContentType.m */,
				B3491CCC1DB49DB2004F8BF6 /* SDImageCache.h */,
				B3491CCD1DB49DB2004F8BF6 /* SDImageCache.m */,
				B3491CCE1DB49DB2004F8BF6 /* SDWebImageCompat.h */,
				B3491CCF1DB49DB2004F8BF6 /* SDWebImageCompat.m */,
				B3491CD01DB49DB2004F8BF6 /* SDWebImageDecoder.h */,
				B3491CD11DB49DB2004F8BF6 /* SDWebImageDecoder.m */,
				B3491CD21DB49DB2004F8BF6 /* SDWebImageDownloader.h */,
				B3491CD31DB49DB2004F8BF6 /* SDWebImageDownloader.m */,
				B3491CD41DB49DB2004F8BF6 /* SDWebImageDownloaderOperation.h */,
				B3491CD51DB49DB2004F8BF6 /* SDWebImageDownloaderOperation.m */,
				B3491CD61DB49DB2004F8BF6 /* SDWebImageManager.h */,
				B3491CD71DB49DB2004F8BF6 /* SDWebImageManager.m */,
				B3491CD81DB49DB2004F8BF6 /* SDWebImageOperation.h */,
				B3491CD91DB49DB2004F8BF6 /* SDWebImagePrefetcher.h */,
				B3491CDA1DB49DB2004F8BF6 /* SDWebImagePrefetcher.m */,
				B3491CDB1DB49DB2004F8BF6 /* UIButton+WebCache.h */,
				B3491CDC1DB49DB2004F8BF6 /* UIButton+WebCache.m */,
				B3491CDD1DB49DB2004F8BF6 /* UIImage+GIF.h */,
				B3491CDE1DB49DB2004F8BF6 /* UIImage+GIF.m */,
				B3491CDF1DB49DB2004F8BF6 /* UIImage+MultiFormat.h */,
				B3491CE01DB49DB2004F8BF6 /* UIImage+MultiFormat.m */,
				B3491CE11DB49DB2004F8BF6 /* UIImage+WebP.h */,
				B3491CE21DB49DB2004F8BF6 /* UIImage+WebP.m */,
				B3491CE31DB49DB2004F8BF6 /* UIImageView+HighlightedWebCache.h */,
				B3491CE41DB49DB2004F8BF6 /* UIImageView+HighlightedWebCache.m */,
				B3491CE51DB49DB2004F8BF6 /* UIImageView+WebCache.h */,
				B3491CE61DB49DB2004F8BF6 /* UIImageView+WebCache.m */,
				B3491CE71DB49DB2004F8BF6 /* UIView+WebCacheOperation.h */,
				B3491CE81DB49DB2004F8BF6 /* UIView+WebCacheOperation.m */,
			);
			path = SDWebImage;
			sourceTree = "<group>";
		};
		B3AD9FB71DAFD9D600ACCF30 /* Discover */ = {
			isa = PBXGroup;
			children = (
				B3AD9FB81DAFD9D600ACCF30 /* Controller */,
				B3AD9FBB1DAFD9D600ACCF30 /* Model */,
				B3AD9FBC1DAFD9D600ACCF30 /* View */,
			);
			path = Discover;
			sourceTree = "<group>";
		};
		B3AD9FB81DAFD9D600ACCF30 /* Controller */ = {
			isa = PBXGroup;
			children = (
				B3AD9FB91DAFD9D600ACCF30 /* HWDiscoverViewController.h */,
				B3AD9FBA1DAFD9D600ACCF30 /* HWDiscoverViewController.m */,
			);
			path = Controller;
			sourceTree = "<group>";
		};
		B3AD9FBB1DAFD9D600ACCF30 /* Model */ = {
			isa = PBXGroup;
			children = (
			);
			path = Model;
			sourceTree = "<group>";
		};
		B3AD9FBC1DAFD9D600ACCF30 /* View */ = {
			isa = PBXGroup;
			children = (
			);
			path = View;
			sourceTree = "<group>";
		};
		B3AD9FBD1DAFD9D600ACCF30 /* Home */ = {
			isa = PBXGroup;
			children = (
				B3AD9FBE1DAFD9D600ACCF30 /* Controller */,
				B3AD9FC11DAFD9D600ACCF30 /* Model */,
				B3AD9FC21DAFD9D600ACCF30 /* View */,
			);
			path = Home;
			sourceTree = "<group>";
		};
		B3AD9FBE1DAFD9D600ACCF30 /* Controller */ = {
			isa = PBXGroup;
			children = (
				B3AD9FBF1DAFD9D600ACCF30 /* HWHomeViewController.h */,
				B3AD9FC01DAFD9D600ACCF30 /* HWHomeViewController.m */,
			);
			path = Controller;
			sourceTree = "<group>";
		};
		B3AD9FC11DAFD9D600ACCF30 /* Model */ = {
			isa = PBXGroup;
			children = (
				B3491CF91DB4A051004F8BF6 /* HWUser.h */,
				B3491CFA1DB4A051004F8BF6 /* HWUser.m */,
				B3491CFC1DB4A06E004F8BF6 /* HWStatus.h */,
				B3491CFD1DB4A06E004F8BF6 /* HWStatus.m */,
				B37E786C1DB64F3100C4160E /* HWStatusFrame.h */,
				B37E786D1DB64F3100C4160E /* HWStatusFrame.m */,
				B36229511DB706DB0026A449 /* HWPhoto.h */,
				B36229521DB706DB0026A449 /* HWPhoto.m */,
			);
			path = Model;
			sourceTree = "<group>";
		};
		B3AD9FC21DAFD9D600ACCF30 /* View */ = {
			isa = PBXGroup;
			children = (
				B392D75D1DB0E23800187E84 /* HWTitleMenuViewController.h */,
				B392D75E1DB0E23800187E84 /* HWTitleMenuViewController.m */,
				B3016B981DB29F9300433AC5 /* HWTitleButton.h */,
				B3016B991DB29F9300433AC5 /* HWTitleButton.m */,
				B3491CFF1DB4E541004F8BF6 /* HWLoadMoreFooter.h */,
				B3491D001DB4E541004F8BF6 /* HWLoadMoreFooter.m */,
				B3491D021DB4E56E004F8BF6 /* HWLoadMoreFooter.xib */,
				B37E78691DB6491400C4160E /* HWStatusCell.h */,
				B37E786A1DB6491400C4160E /* HWStatusCell.m */,
				B36229541DB757D80026A449 /* HWStatusToolbar.h */,
				B36229551DB757D80026A449 /* HWStatusToolbar.m */,
				B3DC58F71DB8EEF2003ACCDD /* HWStatusPhotosView.h */,
				B3DC58F81DB8EEF2003ACCDD /* HWStatusPhotosView.m */,
				B3DC58FA1DB906A5003ACCDD /* HWStatusPhotoView.h */,
				B3DC58FB1DB906A5003ACCDD /* HWStatusPhotoView.m */,
			);
			path = View;
			sourceTree = "<group>";
		};
		B3AD9FC31DAFD9D600ACCF30 /* Main */ = {
			isa = PBXGroup;
			children = (
				B3AD9FC41DAFD9D600ACCF30 /* Category */,
				B3AD9FC71DAFD9D600ACCF30 /* Controller */,
				B3AD9FCC1DAFD9D600ACCF30 /* Lib */,
				B3AD9FCD1DAFD9D600ACCF30 /* Model */,
				B3AD9FCE1DAFD9D600ACCF30 /* Other */,
				B3AD9FD21DAFD9D600ACCF30 /* View */,
			);
			path = Main;
			sourceTree = "<group>";
		};
		B3AD9FC41DAFD9D600ACCF30 /* Category */ = {
			isa = PBXGroup;
			children = (
				B3AD9FC51DAFD9D600ACCF30 /* UIView+Extension.h */,
				B3AD9FC61DAFD9D600ACCF30 /* UIView+Extension.m */,
				B3AD9FFB1DAFE33600ACCF30 /* UIBarButtonItem+Extension.h */,
				B3AD9FFC1DAFE33600ACCF30 /* UIBarButtonItem+Extension.m */,
				B3016B921DB289C000433AC5 /* UIWindow+Extension.h */,
				B3016B931DB289C000433AC5 /* UIWindow+Extension.m */,
				B36229571DB7B1030026A449 /* NSDate+Extension.h */,
				B36229581DB7B1030026A449 /* NSDate+Extension.m */,
				B361BAF01DB8A655005DA766 /* NSString+Extension.h */,
				B361BAF11DB8A655005DA766 /* NSString+Extension.m */,
			);
			path = Category;
			sourceTree = "<group>";
		};
		B3AD9FC71DAFD9D600ACCF30 /* Controller */ = {
			isa = PBXGroup;
			children = (
				B3AD9FC81DAFD9D600ACCF30 /* HWNavigationController.h */,
				B3AD9FC91DAFD9D600ACCF30 /* HWNavigationController.m */,
				B3AD9FCA1DAFD9D600ACCF30 /* HWTabbBarViewController.h */,
				B3AD9FCB1DAFD9D600ACCF30 /* HWTabbBarViewController.m */,
			);
			path = Controller;
			sourceTree = "<group>";
		};
		B3AD9FCC1DAFD9D600ACCF30 /* Lib */ = {
			isa = PBXGroup;
			children = (
				B3491CC71DB49DB2004F8BF6 /* SDWebImage */,
				B3016B761DB2594800433AC5 /* AFNetworking */,
			);
			path = Lib;
			sourceTree = "<group>";
		};
		B3AD9FCD1DAFD9D600ACCF30 /* Model */ = {
			isa = PBXGroup;
			children = (
			);
			path = Model;
			sourceTree = "<group>";
		};
		B3AD9FCE1DAFD9D600ACCF30 /* Other */ = {
			isa = PBXGroup;
			children = (
				B3AD9FCF1DAFD9D600ACCF30 /* AppDelegate.h */,
				B3AD9FD01DAFD9D600ACCF30 /* AppDelegate.m */,
				B3AD9FD11DAFD9D600ACCF30 /* main.m */,
			);
			path = Other;
			sourceTree = "<group>";
		};
		B3AD9FD21DAFD9D600ACCF30 /* View */ = {
			isa = PBXGroup;
			children = (
				B392D7541DB0C41C00187E84 /* HWSearchBar.h */,
				B392D7551DB0C41C00187E84 /* HWSearchBar.m */,
				B392D7571DB0D54100187E84 /* HWDropdownMenu.h */,
				B392D7581DB0D54100187E84 /* HWDropdownMenu.m */,
				B392D7601DB10FC300187E84 /* HWTabBar.h */,
				B392D7611DB10FC300187E84 /* HWTabBar.m */,
				B3B60B7C1DBB39E200987943 /* HWIconView.h */,
				B3B60B7D1DBB39E200987943 /* HWIconView.m */,
				B3BD19941DBC840500C566D3 /* HWTextView.h */,
				B3BD19951DBC840500C566D3 /* HWTextView.m */,
			);
			path = View;
			sourceTree = "<group>";
		};
		B3AD9FD31DAFD9D600ACCF30 /* MessageCenter */ = {
			isa = PBXGroup;
			children = (
				B3AD9FD41DAFD9D600ACCF30 /* Controller */,
				B3AD9FD71DAFD9D600ACCF30 /* Model */,
				B3AD9FD81DAFD9D600ACCF30 /* View */,
			);
			path = MessageCenter;
			sourceTree = "<group>";
		};
		B3AD9FD41DAFD9D600ACCF30 /* Controller */ = {
			isa = PBXGroup;
			children = (
				B3AD9FD51DAFD9D600ACCF30 /* HWMessageCenterViewController.h */,
				B3AD9FD61DAFD9D600ACCF30 /* HWMessageCenterViewController.m */,
			);
			path = Controller;
			sourceTree = "<group>";
		};
		B3AD9FD71DAFD9D600ACCF30 /* Model */ = {
			isa = PBXGroup;
			children = (
			);
			path = Model;
			sourceTree = "<group>";
		};
		B3AD9FD81DAFD9D600ACCF30 /* View */ = {
			isa = PBXGroup;
			children = (
			);
			path = View;
			sourceTree = "<group>";
		};
		B3AD9FD91DAFD9D600ACCF30 /* Profile */ = {
			isa = PBXGroup;
			children = (
				B3AD9FDA1DAFD9D600ACCF30 /* Controller */,
				B3AD9FDD1DAFD9D600ACCF30 /* Model */,
				B3AD9FDE1DAFD9D600ACCF30 /* View */,
			);
			path = Profile;
			sourceTree = "<group>";
		};
		B3AD9FDA1DAFD9D600ACCF30 /* Controller */ = {
			isa = PBXGroup;
			children = (
				B3AD9FDB1DAFD9D600ACCF30 /* HWProfileViewController.h */,
				B3AD9FDC1DAFD9D600ACCF30 /* HWProfileViewController.m */,
			);
			path = Controller;
			sourceTree = "<group>";
		};
		B3AD9FDD1DAFD9D600ACCF30 /* Model */ = {
			isa = PBXGroup;
			children = (
			);
			path = Model;
			sourceTree = "<group>";
		};
		B3AD9FDE1DAFD9D600ACCF30 /* View */ = {
			isa = PBXGroup;
			children = (
			);
			path = View;
			sourceTree = "<group>";
		};
		B3AD9FDF1DAFD9D600ACCF30 /* Temp */ = {
			isa = PBXGroup;
			children = (
				B3AD9FF81DAFDF9D00ACCF30 /* HWItemTool.h */,
				B3AD9FF91DAFDF9D00ACCF30 /* HWItemTool.m */,
				B3AD9FE01DAFD9D600ACCF30 /* HWTest1ViewController.h */,
				B3AD9FE11DAFD9D600ACCF30 /* HWTest1ViewController.m */,
				B3AD9FE21DAFD9D600ACCF30 /* HWTest1ViewController.xib */,
				B3AD9FE31DAFD9D600ACCF30 /* HWTest2ViewController.h */,
				B3AD9FE41DAFD9D600ACCF30 /* HWTest2ViewController.m */,
				B3AD9FE51DAFD9D600ACCF30 /* HWTest2ViewController.xib */,
				B3AD9FE61DAFD9D600ACCF30 /* HWTest3ViewController.h */,
				B3AD9FE71DAFD9D600ACCF30 /* HWTest3ViewController.m */,
				B3AD9FE81DAFD9D600ACCF30 /* HWTest3ViewController.xib */,
			);
			path = Temp;
			sourceTree = "<group>";
		};
		B3BD198F1DBC5F2900C566D3 /* Compose */ = {
			isa = PBXGroup;
			children = (
				B3BD19971DBC9DA600C566D3 /* View */,
				B3BD19901DBC5F2900C566D3 /* Controller */,
			);
			path = Compose;
			sourceTree = "<group>";
		};
		B3BD19901DBC5F2900C566D3 /* Controller */ = {
			isa = PBXGroup;
			children = (
				B3BD19911DBC5F5100C566D3 /* HWComposeViewController.h */,
				B3BD19921DBC5F5100C566D3 /* HWComposeViewController.m */,
			);
			path = Controller;
			sourceTree = "<group>";
		};
		B3BD19971DBC9DA600C566D3 /* View */ = {
			isa = PBXGroup;
			children = (
				B3BD19981DBC9DD400C566D3 /* HWComposeToolbar.h */,
				B3BD19991DBC9DD400C566D3 /* HWComposeToolbar.m */,
				B30AB9761DBE4F3700FF9BCB /* HWComposePhotosView.h */,
				B30AB9771DBE4F3700FF9BCB /* HWComposePhotosView.m */,
				B3F9A2F51DC47AE00006EF6C /* HWEmotionKeyboard.h */,
				B3F9A2F61DC47AE00006EF6C /* HWEmotionKeyboard.m */,
				B3F9A2F81DC47D100006EF6C /* HWEmotionListView.h */,
				B3F9A2F91DC47D100006EF6C /* HWEmotionListView.m */,
				B3F9A2FB1DC47D560006EF6C /* HWEmotionTabBar.h */,
				B3F9A2FC1DC47D560006EF6C /* HWEmotionTabBar.m */,
				B30C9FF01DD2F15200C21615 /* HWEmotionTabBarButton.h */,
				B30C9FF11DD2F15200C21615 /* HWEmotionTabBarButton.m */,
			);
			path = View;
			sourceTree = "<group>";
		};
		B3D337591DB2073A0079031A /* NewFeature */ = {
			isa = PBXGroup;
			children = (
				B3016B6D1DB24CC400433AC5 /* Controller */,
			);
			path = NewFeature;
			sourceTree = "<group>";
		};
		B3FF4F4A1DAE61470083809C = {
			isa = PBXGroup;
			children = (
				B3FF4F551DAE61470083809C /* LLSinaApp */,
				B3FF4F6F1DAE61470083809C /* LLSinaAppTests */,
				B3FF4F7A1DAE61470083809C /* LLSinaAppUITests */,
				B3FF4F541DAE61470083809C /* Products */,
				7C88E2E63BFEA92D3EF0DEE9 /* Pods */,
				D97B16CBAEDA4527F91237D9 /* Frameworks */,
			);
			sourceTree = "<group>";
		};
		B3FF4F541DAE61470083809C /* Products */ = {
			isa = PBXGroup;
			children = (
				B3FF4F531DAE61470083809C /* LLSinaApp.app */,
				B3FF4F6C1DAE61470083809C /* LLSinaAppTests.xctest */,
				B3FF4F771DAE61470083809C /* LLSinaAppUITests.xctest */,
			);
			name = Products;
			sourceTree = "<group>";
		};
		B3FF4F551DAE61470083809C /* LLSinaApp */ = {
			isa = PBXGroup;
			children = (
				B3FF4F891DAE68810083809C /* Classes */,
				B3FF4F561DAE61470083809C /* Supporting Files */,
			);
			path = LLSinaApp;
			sourceTree = "<group>";
		};
		B3FF4F561DAE61470083809C /* Supporting Files */ = {
			isa = PBXGroup;
			children = (
				B3FF4F621DAE61470083809C /* Assets.xcassets */,
				B3FF4F641DAE61470083809C /* LaunchScreen.storyboard */,
				B3FF4F671DAE61470083809C /* Info.plist */,
				B3FF4F8F1DAE6A440083809C /* PrefixHeader.pch */,
			);
			name = "Supporting Files";
			sourceTree = "<group>";
		};
		B3FF4F6F1DAE61470083809C /* LLSinaAppTests */ = {
			isa = PBXGroup;
			children = (
				B3FF4F701DAE61470083809C /* LLSinaAppTests.m */,
				B3FF4F721DAE61470083809C /* Info.plist */,
			);
			path = LLSinaAppTests;
			sourceTree = "<group>";
		};
		B3FF4F7A1DAE61470083809C /* LLSinaAppUITests */ = {
			isa = PBXGroup;
			children = (
				B3FF4F7B1DAE61470083809C /* LLSinaAppUITests.m */,
				B3FF4F7D1DAE61470083809C /* Info.plist */,
			);
			path = LLSinaAppUITests;
			sourceTree = "<group>";
		};
		B3FF4F891DAE68810083809C /* Classes */ = {
			isa = PBXGroup;
			children = (
				B3BD198F1DBC5F2900C566D3 /* Compose */,
				B3016B711DB24D4200433AC5 /* OAuth */,
				B3D337591DB2073A0079031A /* NewFeature */,
				B3AD9FB71DAFD9D600ACCF30 /* Discover */,
				B3AD9FBD1DAFD9D600ACCF30 /* Home */,
				B3AD9FC31DAFD9D600ACCF30 /* Main */,
				B3AD9FD31DAFD9D600ACCF30 /* MessageCenter */,
				B3AD9FD91DAFD9D600ACCF30 /* Profile */,
				B3AD9FDF1DAFD9D600ACCF30 /* Temp */,
			);
			path = Classes;
			sourceTree = "<group>";
		};
		D97B16CBAEDA4527F91237D9 /* Frameworks */ = {
			isa = PBXGroup;
			children = (
				5C85D59B7144252F25A31B65 /* libPods-LLSinaApp.a */,
			);
			name = Frameworks;
			sourceTree = "<group>";
		};
/* End PBXGroup section */

/* Begin PBXNativeTarget section */
		B3FF4F521DAE61470083809C /* LLSinaApp */ = {
			isa = PBXNativeTarget;
			buildConfigurationList = B3FF4F801DAE61470083809C /* Build configuration list for PBXNativeTarget "LLSinaApp" */;
			buildPhases = (
				ED75414ABFCCFA6CD37394B2 /* [CP] Check Pods Manifest.lock */,
				B3FF4F4F1DAE61470083809C /* Sources */,
				B3FF4F501DAE61470083809C /* Frameworks */,
				B3FF4F511DAE61470083809C /* Resources */,
				0EFE340201E02202C153BB99 /* [CP] Embed Pods Frameworks */,
				73171B2A5D65595FBC7A7516 /* [CP] Copy Pods Resources */,
			);
			buildRules = (
			);
			dependencies = (
			);
			name = LLSinaApp;
			productName = LLSinaApp;
			productReference = B3FF4F531DAE61470083809C /* LLSinaApp.app */;
			productType = "com.apple.product-type.application";
		};
		B3FF4F6B1DAE61470083809C /* LLSinaAppTests */ = {
			isa = PBXNativeTarget;
			buildConfigurationList = B3FF4F831DAE61470083809C /* Build configuration list for PBXNativeTarget "LLSinaAppTests" */;
			buildPhases = (
				B3FF4F681DAE61470083809C /* Sources */,
				B3FF4F691DAE61470083809C /* Frameworks */,
				B3FF4F6A1DAE61470083809C /* Resources */,
			);
			buildRules = (
			);
			dependencies = (
				B3FF4F6E1DAE61470083809C /* PBXTargetDependency */,
			);
			name = LLSinaAppTests;
			productName = LLSinaAppTests;
			productReference = B3FF4F6C1DAE61470083809C /* LLSinaAppTests.xctest */;
			productType = "com.apple.product-type.bundle.unit-test";
		};
		B3FF4F761DAE61470083809C /* LLSinaAppUITests */ = {
			isa = PBXNativeTarget;
			buildConfigurationList = B3FF4F861DAE61470083809C /* Build configuration list for PBXNativeTarget "LLSinaAppUITests" */;
			buildPhases = (
				B3FF4F731DAE61470083809C /* Sources */,
				B3FF4F741DAE61470083809C /* Frameworks */,
				B3FF4F751DAE61470083809C /* Resources */,
			);
			buildRules = (
			);
			dependencies = (
				B3FF4F791DAE61470083809C /* PBXTargetDependency */,
			);
			name = LLSinaAppUITests;
			productName = LLSinaAppUITests;
			productReference = B3FF4F771DAE61470083809C /* LLSinaAppUITests.xctest */;
			productType = "com.apple.product-type.bundle.ui-testing";
		};
/* End PBXNativeTarget section */

/* Begin PBXProject section */
		B3FF4F4B1DAE61470083809C /* Project object */ = {
			isa = PBXProject;
			attributes = {
				LastUpgradeCheck = 0730;
				ORGANIZATIONNAME = Leo;
				TargetAttributes = {
					B3FF4F521DAE61470083809C = {
						CreatedOnToolsVersion = 7.3;
					};
					B3FF4F6B1DAE61470083809C = {
						CreatedOnToolsVersion = 7.3;
						TestTargetID = B3FF4F521DAE61470083809C;
					};
					B3FF4F761DAE61470083809C = {
						CreatedOnToolsVersion = 7.3;
						TestTargetID = B3FF4F521DAE61470083809C;
					};
				};
			};
			buildConfigurationList = B3FF4F4E1DAE61470083809C /* Build configuration list for PBXProject "LLSinaApp" */;
			compatibilityVersion = "Xcode 3.2";
			developmentRegion = English;
			hasScannedForEncodings = 0;
			knownRegions = (
				en,
				Base,
			);
			mainGroup = B3FF4F4A1DAE61470083809C;
			productRefGroup = B3FF4F541DAE61470083809C /* Products */;
			projectDirPath = "";
			projectRoot = "";
			targets = (
				B3FF4F521DAE61470083809C /* LLSinaApp */,
				B3FF4F6B1DAE61470083809C /* LLSinaAppTests */,
				B3FF4F761DAE61470083809C /* LLSinaAppUITests */,
			);
		};
/* End PBXProject section */

/* Begin PBXResourcesBuildPhase section */
		B3FF4F511DAE61470083809C /* Resources */ = {
			isa = PBXResourcesBuildPhase;
			buildActionMask = 2147483647;
			files = (
				B3AD9FF31DAFD9D600ACCF30 /* HWTest1ViewController.xib in Resources */,
				B3FF4F661DAE61470083809C /* LaunchScreen.storyboard in Resources */,
				B3491D031DB4E56E004F8BF6 /* HWLoadMoreFooter.xib in Resources */,
				B3AD9FF51DAFD9D600ACCF30 /* HWTest2ViewController.xib in Resources */,
				B3FF4F631DAE61470083809C /* Assets.xcassets in Resources */,
				B3AD9FF71DAFD9D600ACCF30 /* HWTest3ViewController.xib in Resources */,
			);
			runOnlyForDeploymentPostprocessing = 0;
		};
		B3FF4F6A1DAE61470083809C /* Resources */ = {
			isa = PBXResourcesBuildPhase;
			buildActionMask = 2147483647;
			files = (
			);
			runOnlyForDeploymentPostprocessing = 0;
		};
		B3FF4F751DAE61470083809C /* Resources */ = {
			isa = PBXResourcesBuildPhase;
			buildActionMask = 2147483647;
			files = (
			);
			runOnlyForDeploymentPostprocessing = 0;
		};
/* End PBXResourcesBuildPhase section */

/* Begin PBXShellScriptBuildPhase section */
		0EFE340201E02202C153BB99 /* [CP] Embed Pods Frameworks */ = {
			isa = PBXShellScriptBuildPhase;
			buildActionMask = 2147483647;
			files = (
			);
			inputPaths = (
			);
			name = "[CP] Embed Pods Frameworks";
			outputPaths = (
			);
			runOnlyForDeploymentPostprocessing = 0;
			shellPath = /bin/sh;
			shellScript = "\"${SRCROOT}/Pods/Target Support Files/Pods-LLSinaApp/Pods-LLSinaApp-frameworks.sh\"\n";
			showEnvVarsInLog = 0;
		};
		73171B2A5D65595FBC7A7516 /* [CP] Copy Pods Resources */ = {
			isa = PBXShellScriptBuildPhase;
			buildActionMask = 2147483647;
			files = (
			);
			inputPaths = (
			);
			name = "[CP] Copy Pods Resources";
			outputPaths = (
			);
			runOnlyForDeploymentPostprocessing = 0;
			shellPath = /bin/sh;
			shellScript = "\"${SRCROOT}/Pods/Target Support Files/Pods-LLSinaApp/Pods-LLSinaApp-resources.sh\"\n";
			showEnvVarsInLog = 0;
		};
		ED75414ABFCCFA6CD37394B2 /* [CP] Check Pods Manifest.lock */ = {
			isa = PBXShellScriptBuildPhase;
			buildActionMask = 2147483647;
			files = (
			);
			inputPaths = (
			);
			name = "[CP] Check Pods Manifest.lock";
			outputPaths = (
			);
			runOnlyForDeploymentPostprocessing = 0;
			shellPath = /bin/sh;
			shellScript = "diff \"${PODS_ROOT}/../Podfile.lock\" \"${PODS_ROOT}/Manifest.lock\" > /dev/null\nif [[ $? != 0 ]] ; then\n    cat << EOM\nerror: The sandbox is not in sync with the Podfile.lock. Run 'pod install' or update your CocoaPods installation.\nEOM\n    exit 1\nfi\n";
			showEnvVarsInLog = 0;
		};
/* End PBXShellScriptBuildPhase section */

/* Begin PBXSourcesBuildPhase section */
		B3FF4F4F1DAE61470083809C /* Sources */ = {
			isa = PBXSourcesBuildPhase;
			buildActionMask = 2147483647;
			files = (
				B3016B911DB2796D00433AC5 /* HWAccountTool.m in Sources */,
				B3AD9FEB1DAFD9D600ACCF30 /* UIView+Extension.m in Sources */,
				B3AD9FF21DAFD9D600ACCF30 /* HWTest1ViewController.m in Sources */,
				B3491CF11DB49DB2004F8BF6 /* SDWebImagePrefetcher.m in Sources */,
				B37E786B1DB6491400C4160E /* HWStatusCell.m in Sources */,
				B3BD19931DBC5F5100C566D3 /* HWComposeViewController.m in Sources */,
				B361BAF21DB8A655005DA766 /* NSString+Extension.m in Sources */,
				B3016B9A1DB29F9300433AC5 /* HWTitleButton.m in Sources */,
				B3491CEF1DB49DB2004F8BF6 /* SDWebImageDownloaderOperation.m in Sources */,
				B3491CF61DB49DB2004F8BF6 /* UIImageView+HighlightedWebCache.m in Sources */,
				B3016B861DB2594800433AC5 /* AFSecurityPolicy.m in Sources */,
				B36229561DB757D80026A449 /* HWStatusToolbar.m in Sources */,
				B3016B941DB289C000433AC5 /* UIWindow+Extension.m in Sources */,
				B3AD9FEA1DAFD9D600ACCF30 /* HWHomeViewController.m in Sources */,
				B37E786E1DB64F3100C4160E /* HWStatusFrame.m in Sources */,
				B3F9A2F71DC47AE00006EF6C /* HWEmotionKeyboard.m in Sources */,
				B3491CFB1DB4A051004F8BF6 /* HWUser.m in Sources */,
				B3491CF51DB49DB2004F8BF6 /* UIImage+WebP.m in Sources */,
				B3491CED1DB49DB2004F8BF6 /* SDWebImageDecoder.m in Sources */,
				B3491CF41DB49DB2004F8BF6 /* UIImage+MultiFormat.m in Sources */,
				B3491CEB1DB49DB2004F8BF6 /* SDImageCache.m in Sources */,
				B3AD9FEE1DAFD9D600ACCF30 /* AppDelegate.m in Sources */,
				B3AD9FED1DAFD9D600ACCF30 /* HWTabbBarViewController.m in Sources */,
				B3BD19961DBC840500C566D3 /* HWTextView.m in Sources */,
				B3016B751DB24D6300433AC5 /* HWOAuthViewController.m in Sources */,
				B3491CEC1DB49DB2004F8BF6 /* SDWebImageCompat.m in Sources */,
				B3AD9FFA1DAFDF9D00ACCF30 /* HWItemTool.m in Sources */,
				B3491CF31DB49DB2004F8BF6 /* UIImage+GIF.m in Sources */,
				B3491CF01DB49DB2004F8BF6 /* SDWebImageManager.m in Sources */,
				B3B60B7E1DBB39E200987943 /* HWIconView.m in Sources */,
				B3AD9FEC1DAFD9D600ACCF30 /* HWNavigationController.m in Sources */,
				B3F9A2FA1DC47D100006EF6C /* HWEmotionListView.m in Sources */,
				B36229531DB706DB0026A449 /* HWPhoto.m in Sources */,
				B3016B701DB24CC400433AC5 /* HWNewfeatureViewController.m in Sources */,
				B3491CFE1DB4A06E004F8BF6 /* HWStatus.m in Sources */,
				B3AD9FEF1DAFD9D600ACCF30 /* main.m in Sources */,
				B3016B891DB2594800433AC5 /* AFURLSessionManager.m in Sources */,
				B392D7561DB0C41C00187E84 /* HWSearchBar.m in Sources */,
				B30C9FF21DD2F15300C21615 /* HWEmotionTabBarButton.m in Sources */,
				B3F9A2FD1DC47D560006EF6C /* HWEmotionTabBar.m in Sources */,
				B3AD9FFD1DAFE33600ACCF30 /* UIBarButtonItem+Extension.m in Sources */,
				B3016B841DB2594800433AC5 /* AFHTTPSessionManager.m in Sources */,
				B3491D011DB4E541004F8BF6 /* HWLoadMoreFooter.m in Sources */,
				B3016B881DB2594800433AC5 /* AFURLResponseSerialization.m in Sources */,
				B392D75F1DB0E23800187E84 /* HWTitleMenuViewController.m in Sources */,
				B3491CF81DB49DB2004F8BF6 /* UIView+WebCacheOperation.m in Sources */,
				B3016B871DB2594800433AC5 /* AFURLRequestSerialization.m in Sources */,
				B3BD199A1DBC9DD400C566D3 /* HWComposeToolbar.m in Sources */,
				B3491CE91DB49DB2004F8BF6 /* MKAnnotationView+WebCache.m in Sources */,
				B3491CF71DB49DB2004F8BF6 /* UIImageView+WebCache.m in Sources */,
				B3DC58F91DB8EEF2003ACCDD /* HWStatusPhotosView.m in Sources */,
				B3AD9FF61DAFD9D600ACCF30 /* HWTest3ViewController.m in Sources */,
				B3AD9FF41DAFD9D600ACCF30 /* HWTest2ViewController.m in Sources */,
				B3016B8D1DB26E1E00433AC5 /* HWAccount.m in Sources */,
				B36229591DB7B1030026A449 /* NSDate+Extension.m in Sources */,
				B3491CEE1DB49DB2004F8BF6 /* SDWebImageDownloader.m in Sources */,
				B392D7591DB0D54100187E84 /* HWDropdownMenu.m in Sources */,
				B3491CEA1DB49DB2004F8BF6 /* NSData+ImageContentType.m in Sources */,
				B392D7621DB10FC300187E84 /* HWTabBar.m in Sources */,
				B30AB9781DBE4F3700FF9BCB /* HWComposePhotosView.m in Sources */,
				B3AD9FF01DAFD9D600ACCF30 /* HWMessageCenterViewController.m in Sources */,
				B3DC58FC1DB906A5003ACCDD /* HWStatusPhotoView.m in Sources */,
				B3AD9FF11DAFD9D600ACCF30 /* HWProfileViewController.m in Sources */,
				B3491CF21DB49DB2004F8BF6 /* UIButton+WebCache.m in Sources */,
				B3016B851DB2594800433AC5 /* AFNetworkReachabilityManager.m in Sources */,
				B3AD9FE91DAFD9D600ACCF30 /* HWDiscoverViewController.m in Sources */,
			);
			runOnlyForDeploymentPostprocessing = 0;
		};
		B3FF4F681DAE61470083809C /* Sources */ = {
			isa = PBXSourcesBuildPhase;
			buildActionMask = 2147483647;
			files = (
				B3FF4F711DAE61470083809C /* LLSinaAppTests.m in Sources */,
			);
			runOnlyForDeploymentPostprocessing = 0;
		};
		B3FF4F731DAE61470083809C /* Sources */ = {
			isa = PBXSourcesBuildPhase;
			buildActionMask = 2147483647;
			files = (
				B3FF4F7C1DAE61470083809C /* LLSinaAppUITests.m in Sources */,
			);
			runOnlyForDeploymentPostprocessing = 0;
		};
/* End PBXSourcesBuildPhase section */

/* Begin PBXTargetDependency section */
		B3FF4F6E1DAE61470083809C /* PBXTargetDependency */ = {
			isa = PBXTargetDependency;
			target = B3FF4F521DAE61470083809C /* LLSinaApp */;
			targetProxy = B3FF4F6D1DAE61470083809C /* PBXContainerItemProxy */;
		};
		B3FF4F791DAE61470083809C /* PBXTargetDependency */ = {
			isa = PBXTargetDependency;
			target = B3FF4F521DAE61470083809C /* LLSinaApp */;
			targetProxy = B3FF4F781DAE61470083809C /* PBXContainerItemProxy */;
		};
/* End PBXTargetDependency section */

/* Begin PBXVariantGroup section */
		B3FF4F641DAE61470083809C /* LaunchScreen.storyboard */ = {
			isa = PBXVariantGroup;
			children = (
				B3FF4F651DAE61470083809C /* Base */,
			);
			name = LaunchScreen.storyboard;
			sourceTree = "<group>";
		};
/* End PBXVariantGroup section */

/* Begin XCBuildConfiguration section */
		B3FF4F7E1DAE61470083809C /* Debug */ = {
			isa = XCBuildConfiguration;
			buildSettings = {
				ALWAYS_SEARCH_USER_PATHS = NO;
				CLANG_ANALYZER_NONNULL = YES;
				CLANG_CXX_LANGUAGE_STANDARD = "gnu++0x";
				CLANG_CXX_LIBRARY = "libc++";
				CLANG_ENABLE_MODULES = YES;
				CLANG_ENABLE_OBJC_ARC = YES;
				CLANG_WARN_BOOL_CONVERSION = YES;
				CLANG_WARN_CONSTANT_CONVERSION = YES;
				CLANG_WARN_DIRECT_OBJC_ISA_USAGE = YES_ERROR;
				CLANG_WARN_EMPTY_BODY = YES;
				CLANG_WARN_ENUM_CONVERSION = YES;
				CLANG_WARN_INT_CONVERSION = YES;
				CLANG_WARN_OBJC_ROOT_CLASS = YES_ERROR;
				CLANG_WARN_UNREACHABLE_CODE = YES;
				CLANG_WARN__DUPLICATE_METHOD_MATCH = YES;
				"CODE_SIGN_IDENTITY[sdk=iphoneos*]" = "iPhone Developer";
				COPY_PHASE_STRIP = NO;
				DEBUG_INFORMATION_FORMAT = dwarf;
				ENABLE_STRICT_OBJC_MSGSEND = YES;
				ENABLE_TESTABILITY = YES;
				GCC_C_LANGUAGE_STANDARD = gnu99;
				GCC_DYNAMIC_NO_PIC = NO;
				GCC_NO_COMMON_BLOCKS = YES;
				GCC_OPTIMIZATION_LEVEL = 0;
				GCC_PREPROCESSOR_DEFINITIONS = (
					"DEBUG=1",
					"$(inherited)",
				);
				GCC_WARN_64_TO_32_BIT_CONVERSION = YES;
				GCC_WARN_ABOUT_RETURN_TYPE = YES_ERROR;
				GCC_WARN_UNDECLARED_SELECTOR = YES;
				GCC_WARN_UNINITIALIZED_AUTOS = YES_AGGRESSIVE;
				GCC_WARN_UNUSED_FUNCTION = YES;
				GCC_WARN_UNUSED_VARIABLE = YES;
				IPHONEOS_DEPLOYMENT_TARGET = 9.3;
				MTL_ENABLE_DEBUG_INFO = YES;
				ONLY_ACTIVE_ARCH = YES;
				SDKROOT = iphoneos;
			};
			name = Debug;
		};
		B3FF4F7F1DAE61470083809C /* Release */ = {
			isa = XCBuildConfiguration;
			buildSettings = {
				ALWAYS_SEARCH_USER_PATHS = NO;
				CLANG_ANALYZER_NONNULL = YES;
				CLANG_CXX_LANGUAGE_STANDARD = "gnu++0x";
				CLANG_CXX_LIBRARY = "libc++";
				CLANG_ENABLE_MODULES = YES;
				CLANG_ENABLE_OBJC_ARC = YES;
				CLANG_WARN_BOOL_CONVERSION = YES;
				CLANG_WARN_CONSTANT_CONVERSION = YES;
				CLANG_WARN_DIRECT_OBJC_ISA_USAGE = YES_ERROR;
				CLANG_WARN_EMPTY_BODY = YES;
				CLANG_WARN_ENUM_CONVERSION = YES;
				CLANG_WARN_INT_CONVERSION = YES;
				CLANG_WARN_OBJC_ROOT_CLASS = YES_ERROR;
				CLANG_WARN_UNREACHABLE_CODE = YES;
				CLANG_WARN__DUPLICATE_METHOD_MATCH = YES;
				"CODE_SIGN_IDENTITY[sdk=iphoneos*]" = "iPhone Developer";
				COPY_PHASE_STRIP = NO;
				DEBUG_INFORMATION_FORMAT = "dwarf-with-dsym";
				ENABLE_NS_ASSERTIONS = NO;
				ENABLE_STRICT_OBJC_MSGSEND = YES;
				GCC_C_LANGUAGE_STANDARD = gnu99;
				GCC_NO_COMMON_BLOCKS = YES;
				GCC_WARN_64_TO_32_BIT_CONVERSION = YES;
				GCC_WARN_ABOUT_RETURN_TYPE = YES_ERROR;
				GCC_WARN_UNDECLARED_SELECTOR = YES;
				GCC_WARN_UNINITIALIZED_AUTOS = YES_AGGRESSIVE;
				GCC_WARN_UNUSED_FUNCTION = YES;
				GCC_WARN_UNUSED_VARIABLE = YES;
				IPHONEOS_DEPLOYMENT_TARGET = 9.3;
				MTL_ENABLE_DEBUG_INFO = NO;
				SDKROOT = iphoneos;
				VALIDATE_PRODUCT = YES;
			};
			name = Release;
		};
		B3FF4F811DAE61470083809C /* Debug */ = {
			isa = XCBuildConfiguration;
			baseConfigurationReference = B1CA9A650DC3356712B2879B /* Pods-LLSinaApp.debug.xcconfig */;
			buildSettings = {
				ASSETCATALOG_COMPILER_APPICON_NAME = AppIcon;
				ASSETCATALOG_COMPILER_LAUNCHIMAGE_NAME = LaunchImage;
				GCC_PRECOMPILE_PREFIX_HEADER = YES;
				GCC_PREFIX_HEADER = "$(SRCROOT)/LLSinaApp/PrefixHeader.pch";
				INFOPLIST_FILE = LLSinaApp/Info.plist;
				LD_RUNPATH_SEARCH_PATHS = "$(inherited) @executable_path/Frameworks";
				PRODUCT_BUNDLE_IDENTIFIER = com.Leo.LLSinaApp;
				PRODUCT_NAME = "$(TARGET_NAME)";
			};
			name = Debug;
		};
		B3FF4F821DAE61470083809C /* Release */ = {
			isa = XCBuildConfiguration;
			baseConfigurationReference = B9BE2A7F78CAC6334035B02F /* Pods-LLSinaApp.release.xcconfig */;
			buildSettings = {
				ASSETCATALOG_COMPILER_APPICON_NAME = AppIcon;
				ASSETCATALOG_COMPILER_LAUNCHIMAGE_NAME = LaunchImage;
				GCC_PRECOMPILE_PREFIX_HEADER = YES;
				GCC_PREFIX_HEADER = "$(SRCROOT)/LLSinaApp/PrefixHeader.pch";
				INFOPLIST_FILE = LLSinaApp/Info.plist;
				LD_RUNPATH_SEARCH_PATHS = "$(inherited) @executable_path/Frameworks";
				PRODUCT_BUNDLE_IDENTIFIER = com.Leo.LLSinaApp;
				PRODUCT_NAME = "$(TARGET_NAME)";
			};
			name = Release;
		};
		B3FF4F841DAE61470083809C /* Debug */ = {
			isa = XCBuildConfiguration;
			buildSettings = {
				BUNDLE_LOADER = "$(TEST_HOST)";
				INFOPLIST_FILE = LLSinaAppTests/Info.plist;
				LD_RUNPATH_SEARCH_PATHS = "$(inherited) @executable_path/Frameworks @loader_path/Frameworks";
				PRODUCT_BUNDLE_IDENTIFIER = com.Leo.LLSinaAppTests;
				PRODUCT_NAME = "$(TARGET_NAME)";
				TEST_HOST = "$(BUILT_PRODUCTS_DIR)/LLSinaApp.app/LLSinaApp";
			};
			name = Debug;
		};
		B3FF4F851DAE61470083809C /* Release */ = {
			isa = XCBuildConfiguration;
			buildSettings = {
				BUNDLE_LOADER = "$(TEST_HOST)";
				INFOPLIST_FILE = LLSinaAppTests/Info.plist;
				LD_RUNPATH_SEARCH_PATHS = "$(inherited) @executable_path/Frameworks @loader_path/Frameworks";
				PRODUCT_BUNDLE_IDENTIFIER = com.Leo.LLSinaAppTests;
				PRODUCT_NAME = "$(TARGET_NAME)";
				TEST_HOST = "$(BUILT_PRODUCTS_DIR)/LLSinaApp.app/LLSinaApp";
			};
			name = Release;
		};
		B3FF4F871DAE61470083809C /* Debug */ = {
			isa = XCBuildConfiguration;
			buildSettings = {
				INFOPLIST_FILE = LLSinaAppUITests/Info.plist;
				LD_RUNPATH_SEARCH_PATHS = "$(inherited) @executable_path/Frameworks @loader_path/Frameworks";
				PRODUCT_BUNDLE_IDENTIFIER = com.Leo.LLSinaAppUITests;
				PRODUCT_NAME = "$(TARGET_NAME)";
				TEST_TARGET_NAME = LLSinaApp;
			};
			name = Debug;
		};
		B3FF4F881DAE61470083809C /* Release */ = {
			isa = XCBuildConfiguration;
			buildSettings = {
				INFOPLIST_FILE = LLSinaAppUITests/Info.plist;
				LD_RUNPATH_SEARCH_PATHS = "$(inherited) @executable_path/Frameworks @loader_path/Frameworks";
				PRODUCT_BUNDLE_IDENTIFIER = com.Leo.LLSinaAppUITests;
				PRODUCT_NAME = "$(TARGET_NAME)";
				TEST_TARGET_NAME = LLSinaApp;
			};
			name = Release;
		};
/* End XCBuildConfiguration section */

/* Begin XCConfigurationList section */
		B3FF4F4E1DAE61470083809C /* Build configuration list for PBXProject "LLSinaApp" */ = {
			isa = XCConfigurationList;
			buildConfigurations = (
				B3FF4F7E1DAE61470083809C /* Debug */,
				B3FF4F7F1DAE61470083809C /* Release */,
			);
			defaultConfigurationIsVisible = 0;
			defaultConfigurationName = Release;
		};
		B3FF4F801DAE61470083809C /* Build configuration list for PBXNativeTarget "LLSinaApp" */ = {
			isa = XCConfigurationList;
			buildConfigurations = (
				B3FF4F811DAE61470083809C /* Debug */,
				B3FF4F821DAE61470083809C /* Release */,
			);
			defaultConfigurationIsVisible = 0;
			defaultConfigurationName = Release;
		};
		B3FF4F831DAE61470083809C /* Build configuration list for PBXNativeTarget "LLSinaAppTests" */ = {
			isa = XCConfigurationList;
			buildConfigurations = (
				B3FF4F841DAE61470083809C /* Debug */,
				B3FF4F851DAE61470083809C /* Release */,
			);
			defaultConfigurationIsVisible = 0;
			defaultConfigurationName = Release;
		};
		B3FF4F861DAE61470083809C /* Build configuration list for PBXNativeTarget "LLSinaAppUITests" */ = {
			isa = XCConfigurationList;
			buildConfigurations = (
				B3FF4F871DAE61470083809C /* Debug */,
				B3FF4F881DAE61470083809C /* Release */,
			);
			defaultConfigurationIsVisible = 0;
			defaultConfigurationName = Release;
		};
/* End XCConfigurationList section */
	};
	rootObject = B3FF4F4B1DAE61470083809C /* Project object */;
}
