// !$*UTF8*$!
{
	archiveVersion = 1;
	classes = {
	};
	objectVersion = 46;
	objects = {

/* Begin PBXBuildFile section */
		B3FF4F631DAE61470083809C /* Assets.xcassets in Resources */ = {isa = PBXBuildFile; fileRef = B3FF4F621DAE61470083809C /* Assets.xcassets */; };
		B3FF4F661DAE61470083809C /* LaunchScreen.storyboard in Resources */ = {isa = PBXBuildFile; fileRef = B3FF4F641DAE61470083809C /* LaunchScreen.storyboard */; };
		B3FF4F711DAE61470083809C /* LLSinaAppTests.m in Sources */ = {isa = PBXBuildFile; fileRef = B3FF4F701DAE61470083809C /* LLSinaAppTests.m */; };
		B3FF4F7C1DAE61470083809C /* LLSinaAppUITests.m in Sources */ = {isa = PBXBuildFile; fileRef = B3FF4F7B1DAE61470083809C /* LLSinaAppUITests.m */; };
		B3FF4F8D1DAE68810083809C /* AppDelegate.m in Sources */ = {isa = PBXBuildFile; fileRef = B3FF4F8B1DAE68810083809C /* AppDelegate.m */; };
		B3FF4F8E1DAE68810083809C /* main.m in Sources */ = {isa = PBXBuildFile; fileRef = B3FF4F8C1DAE68810083809C /* main.m */; };
		B3FF4F921DAE80210083809C /* HWHomeViewController.m in Sources */ = {isa = PBXBuildFile; fileRef = B3FF4F911DAE80210083809C /* HWHomeViewController.m */; };
		B3FF4F951DAE804B0083809C /* HWMessageCenterViewController.m in Sources */ = {isa = PBXBuildFile; fileRef = B3FF4F941DAE804B0083809C /* HWMessageCenterViewController.m */; };
		B3FF4F981DAE80600083809C /* HWDiscoverViewController.m in Sources */ = {isa = PBXBuildFile; fileRef = B3FF4F971DAE80600083809C /* HWDiscoverViewController.m */; };
		B3FF4F9B1DAE807B0083809C /* HWProfileViewController.m in Sources */ = {isa = PBXBuildFile; fileRef = B3FF4F9A1DAE807B0083809C /* HWProfileViewController.m */; };
/* End PBXBuildFile section */

/* Begin PBXContainerItemProxy section */
		B3FF4F6D1DAE61470083809C /* PBXContainerItemProxy */ = {
			isa = PBXContainerItemProxy;
			containerPortal = B3FF4F4B1DAE61470083809C /* Project object */;
			proxyType = 1;
			remoteGlobalIDString = B3FF4F521DAE61470083809C;
			remoteInfo = LLSinaApp;
		};
		B3FF4F781DAE61470083809C /* PBXContainerItemProxy */ = {
			isa = PBXContainerItemProxy;
			containerPortal = B3FF4F4B1DAE61470083809C /* Project object */;
			proxyType = 1;
			remoteGlobalIDString = B3FF4F521DAE61470083809C;
			remoteInfo = LLSinaApp;
		};
/* End PBXContainerItemProxy section */

/* Begin PBXFileReference section */
		B3FF4F531DAE61470083809C /* LLSinaApp.app */ = {isa = PBXFileReference; explicitFileType = wrapper.application; includeInIndex = 0; path = LLSinaApp.app; sourceTree = BUILT_PRODUCTS_DIR; };
		B3FF4F621DAE61470083809C /* Assets.xcassets */ = {isa = PBXFileReference; lastKnownFileType = folder.assetcatalog; path = Assets.xcassets; sourceTree = "<group>"; };
		B3FF4F651DAE61470083809C /* Base */ = {isa = PBXFileReference; lastKnownFileType = file.storyboard; name = Base; path = Base.lproj/LaunchScreen.storyboard; sourceTree = "<group>"; };
		B3FF4F671DAE61470083809C /* Info.plist */ = {isa = PBXFileReference; lastKnownFileType = text.plist.xml; path = Info.plist; sourceTree = "<group>"; };
		B3FF4F6C1DAE61470083809C /* LLSinaAppTests.xctest */ = {isa = PBXFileReference; explicitFileType = wrapper.cfbundle; includeInIndex = 0; path = LLSinaAppTests.xctest; sourceTree = BUILT_PRODUCTS_DIR; };
		B3FF4F701DAE61470083809C /* LLSinaAppTests.m */ = {isa = PBXFileReference; lastKnownFileType = sourcecode.c.objc; path = LLSinaAppTests.m; sourceTree = "<group>"; };
		B3FF4F721DAE61470083809C /* Info.plist */ = {isa = PBXFileReference; lastKnownFileType = text.plist.xml; path = Info.plist; sourceTree = "<group>"; };
		B3FF4F771DAE61470083809C /* LLSinaAppUITests.xctest */ = {isa = PBXFileReference; explicitFileType = wrapper.cfbundle; includeInIndex = 0; path = LLSinaAppUITests.xctest; sourceTree = BUILT_PRODUCTS_DIR; };
		B3FF4F7B1DAE61470083809C /* LLSinaAppUITests.m */ = {isa = PBXFileReference; lastKnownFileType = sourcecode.c.objc; path = LLSinaAppUITests.m; sourceTree = "<group>"; };
		B3FF4F7D1DAE61470083809C /* Info.plist */ = {isa = PBXFileReference; lastKnownFileType = text.plist.xml; path = Info.plist; sourceTree = "<group>"; };
		B3FF4F8A1DAE68810083809C /* AppDelegate.h */ = {isa = PBXFileReference; fileEncoding = 4; lastKnownFileType = sourcecode.c.h; path = AppDelegate.h; sourceTree = "<group>"; };
		B3FF4F8B1DAE68810083809C /* AppDelegate.m */ = {isa = PBXFileReference; fileEncoding = 4; lastKnownFileType = sourcecode.c.objc; path = AppDelegate.m; sourceTree = "<group>"; };
		B3FF4F8C1DAE68810083809C /* main.m */ = {isa = PBXFileReference; fileEncoding = 4; lastKnownFileType = sourcecode.c.objc; path = main.m; sourceTree = "<group>"; };
		B3FF4F8F1DAE6A440083809C /* PrefixHeader.pch */ = {isa = PBXFileReference; fileEncoding = 4; lastKnownFileType = sourcecode.c.h; path = PrefixHeader.pch; sourceTree = "<group>"; };
		B3FF4F901DAE80210083809C /* HWHomeViewController.h */ = {isa = PBXFileReference; fileEncoding = 4; lastKnownFileType = sourcecode.c.h; path = HWHomeViewController.h; sourceTree = "<group>"; };
		B3FF4F911DAE80210083809C /* HWHomeViewController.m */ = {isa = PBXFileReference; fileEncoding = 4; lastKnownFileType = sourcecode.c.objc; path = HWHomeViewController.m; sourceTree = "<group>"; };
		B3FF4F931DAE804B0083809C /* HWMessageCenterViewController.h */ = {isa = PBXFileReference; fileEncoding = 4; lastKnownFileType = sourcecode.c.h; path = HWMessageCenterViewController.h; sourceTree = "<group>"; };
		B3FF4F941DAE804B0083809C /* HWMessageCenterViewController.m */ = {isa = PBXFileReference; fileEncoding = 4; lastKnownFileType = sourcecode.c.objc; path = HWMessageCenterViewController.m; sourceTree = "<group>"; };
		B3FF4F961DAE80600083809C /* HWDiscoverViewController.h */ = {isa = PBXFileReference; fileEncoding = 4; lastKnownFileType = sourcecode.c.h; path = HWDiscoverViewController.h; sourceTree = "<group>"; };
		B3FF4F971DAE80600083809C /* HWDiscoverViewController.m */ = {isa = PBXFileReference; fileEncoding = 4; lastKnownFileType = sourcecode.c.objc; path = HWDiscoverViewController.m; sourceTree = "<group>"; };
		B3FF4F991DAE807B0083809C /* HWProfileViewController.h */ = {isa = PBXFileReference; fileEncoding = 4; lastKnownFileType = sourcecode.c.h; path = HWProfileViewController.h; sourceTree = "<group>"; };
		B3FF4F9A1DAE807B0083809C /* HWProfileViewController.m */ = {isa = PBXFileReference; fileEncoding = 4; lastKnownFileType = sourcecode.c.objc; path = HWProfileViewController.m; sourceTree = "<group>"; };
/* End PBXFileReference section */

/* Begin PBXFrameworksBuildPhase section */
		B3FF4F501DAE61470083809C /* Frameworks */ = {
			isa = PBXFrameworksBuildPhase;
			buildActionMask = 2147483647;
			files = (
			);
			runOnlyForDeploymentPostprocessing = 0;
		};
		B3FF4F691DAE61470083809C /* Frameworks */ = {
			isa = PBXFrameworksBuildPhase;
			buildActionMask = 2147483647;
			files = (
			);
			runOnlyForDeploymentPostprocessing = 0;
		};
		B3FF4F741DAE61470083809C /* Frameworks */ = {
			isa = PBXFrameworksBuildPhase;
			buildActionMask = 2147483647;
			files = (
			);
			runOnlyForDeploymentPostprocessing = 0;
		};
/* End PBXFrameworksBuildPhase section */

/* Begin PBXGroup section */
		B3FF4F4A1DAE61470083809C = {
			isa = PBXGroup;
			children = (
				B3FF4F551DAE61470083809C /* LLSinaApp */,
				B3FF4F6F1DAE61470083809C /* LLSinaAppTests */,
				B3FF4F7A1DAE61470083809C /* LLSinaAppUITests */,
				B3FF4F541DAE61470083809C /* Products */,
			);
			sourceTree = "<group>";
		};
		B3FF4F541DAE61470083809C /* Products */ = {
			isa = PBXGroup;
			children = (
				B3FF4F531DAE61470083809C /* LLSinaApp.app */,
				B3FF4F6C1DAE61470083809C /* LLSinaAppTests.xctest */,
				B3FF4F771DAE61470083809C /* LLSinaAppUITests.xctest */,
			);
			name = Products;
			sourceTree = "<group>";
		};
		B3FF4F551DAE61470083809C /* LLSinaApp */ = {
			isa = PBXGroup;
			children = (
				B3FF4F891DAE68810083809C /* Classes */,
				B3FF4F561DAE61470083809C /* Supporting Files */,
			);
			path = LLSinaApp;
			sourceTree = "<group>";
		};
		B3FF4F561DAE61470083809C /* Supporting Files */ = {
			isa = PBXGroup;
			children = (
				B3FF4F621DAE61470083809C /* Assets.xcassets */,
				B3FF4F641DAE61470083809C /* LaunchScreen.storyboard */,
				B3FF4F671DAE61470083809C /* Info.plist */,
				B3FF4F8F1DAE6A440083809C /* PrefixHeader.pch */,
			);
			name = "Supporting Files";
			sourceTree = "<group>";
		};
		B3FF4F6F1DAE61470083809C /* LLSinaAppTests */ = {
			isa = PBXGroup;
			children = (
				B3FF4F701DAE61470083809C /* LLSinaAppTests.m */,
				B3FF4F721DAE61470083809C /* Info.plist */,
			);
			path = LLSinaAppTests;
			sourceTree = "<group>";
		};
		B3FF4F7A1DAE61470083809C /* LLSinaAppUITests */ = {
			isa = PBXGroup;
			children = (
				B3FF4F7B1DAE61470083809C /* LLSinaAppUITests.m */,
				B3FF4F7D1DAE61470083809C /* Info.plist */,
			);
			path = LLSinaAppUITests;
			sourceTree = "<group>";
		};
		B3FF4F891DAE68810083809C /* Classes */ = {
			isa = PBXGroup;
			children = (
				B3FF4F8A1DAE68810083809C /* AppDelegate.h */,
				B3FF4F8B1DAE68810083809C /* AppDelegate.m */,
				B3FF4F8C1DAE68810083809C /* main.m */,
				B3FF4F901DAE80210083809C /* HWHomeViewController.h */,
				B3FF4F911DAE80210083809C /* HWHomeViewController.m */,
				B3FF4F931DAE804B0083809C /* HWMessageCenterViewController.h */,
				B3FF4F941DAE804B0083809C /* HWMessageCenterViewController.m */,
				B3FF4F961DAE80600083809C /* HWDiscoverViewController.h */,
				B3FF4F971DAE80600083809C /* HWDiscoverViewController.m */,
				B3FF4F991DAE807B0083809C /* HWProfileViewController.h */,
				B3FF4F9A1DAE807B0083809C /* HWProfileViewController.m */,
			);
			path = Classes;
			sourceTree = "<group>";
		};
/* End PBXGroup section */

/* Begin PBXNativeTarget section */
		B3FF4F521DAE61470083809C /* LLSinaApp */ = {
			isa = PBXNativeTarget;
			buildConfigurationList = B3FF4F801DAE61470083809C /* Build configuration list for PBXNativeTarget "LLSinaApp" */;
			buildPhases = (
				B3FF4F4F1DAE61470083809C /* Sources */,
				B3FF4F501DAE61470083809C /* Frameworks */,
				B3FF4F511DAE61470083809C /* Resources */,
			);
			buildRules = (
			);
			dependencies = (
			);
			name = LLSinaApp;
			productName = LLSinaApp;
			productReference = B3FF4F531DAE61470083809C /* LLSinaApp.app */;
			productType = "com.apple.product-type.application";
		};
		B3FF4F6B1DAE61470083809C /* LLSinaAppTests */ = {
			isa = PBXNativeTarget;
			buildConfigurationList = B3FF4F831DAE61470083809C /* Build configuration list for PBXNativeTarget "LLSinaAppTests" */;
			buildPhases = (
				B3FF4F681DAE61470083809C /* Sources */,
				B3FF4F691DAE61470083809C /* Frameworks */,
				B3FF4F6A1DAE61470083809C /* Resources */,
			);
			buildRules = (
			);
			dependencies = (
				B3FF4F6E1DAE61470083809C /* PBXTargetDependency */,
			);
			name = LLSinaAppTests;
			productName = LLSinaAppTests;
			productReference = B3FF4F6C1DAE61470083809C /* LLSinaAppTests.xctest */;
			productType = "com.apple.product-type.bundle.unit-test";
		};
		B3FF4F761DAE61470083809C /* LLSinaAppUITests */ = {
			isa = PBXNativeTarget;
			buildConfigurationList = B3FF4F861DAE61470083809C /* Build configuration list for PBXNativeTarget "LLSinaAppUITests" */;
			buildPhases = (
				B3FF4F731DAE61470083809C /* Sources */,
				B3FF4F741DAE61470083809C /* Frameworks */,
				B3FF4F751DAE61470083809C /* Resources */,
			);
			buildRules = (
			);
			dependencies = (
				B3FF4F791DAE61470083809C /* PBXTargetDependency */,
			);
			name = LLSinaAppUITests;
			productName = LLSinaAppUITests;
			productReference = B3FF4F771DAE61470083809C /* LLSinaAppUITests.xctest */;
			productType = "com.apple.product-type.bundle.ui-testing";
		};
/* End PBXNativeTarget section */

/* Begin PBXProject section */
		B3FF4F4B1DAE61470083809C /* Project object */ = {
			isa = PBXProject;
			attributes = {
				LastUpgradeCheck = 0730;
				ORGANIZATIONNAME = Leo;
				TargetAttributes = {
					B3FF4F521DAE61470083809C = {
						CreatedOnToolsVersion = 7.3;
					};
					B3FF4F6B1DAE61470083809C = {
						CreatedOnToolsVersion = 7.3;
						TestTargetID = B3FF4F521DAE61470083809C;
					};
					B3FF4F761DAE61470083809C = {
						CreatedOnToolsVersion = 7.3;
						TestTargetID = B3FF4F521DAE61470083809C;
					};
				};
			};
			buildConfigurationList = B3FF4F4E1DAE61470083809C /* Build configuration list for PBXProject "LLSinaApp" */;
			compatibilityVersion = "Xcode 3.2";
			developmentRegion = English;
			hasScannedForEncodings = 0;
			knownRegions = (
				en,
				Base,
			);
			mainGroup = B3FF4F4A1DAE61470083809C;
			productRefGroup = B3FF4F541DAE61470083809C /* Products */;
			projectDirPath = "";
			projectRoot = "";
			targets = (
				B3FF4F521DAE61470083809C /* LLSinaApp */,
				B3FF4F6B1DAE61470083809C /* LLSinaAppTests */,
				B3FF4F761DAE61470083809C /* LLSinaAppUITests */,
			);
		};
/* End PBXProject section */

/* Begin PBXResourcesBuildPhase section */
		B3FF4F511DAE61470083809C /* Resources */ = {
			isa = PBXResourcesBuildPhase;
			buildActionMask = 2147483647;
			files = (
				B3FF4F661DAE61470083809C /* LaunchScreen.storyboard in Resources */,
				B3FF4F631DAE61470083809C /* Assets.xcassets in Resources */,
			);
			runOnlyForDeploymentPostprocessing = 0;
		};
		B3FF4F6A1DAE61470083809C /* Resources */ = {
			isa = PBXResourcesBuildPhase;
			buildActionMask = 2147483647;
			files = (
			);
			runOnlyForDeploymentPostprocessing = 0;
		};
		B3FF4F751DAE61470083809C /* Resources */ = {
			isa = PBXResourcesBuildPhase;
			buildActionMask = 2147483647;
			files = (
			);
			runOnlyForDeploymentPostprocessing = 0;
		};
/* End PBXResourcesBuildPhase section */

/* Begin PBXSourcesBuildPhase section */
		B3FF4F4F1DAE61470083809C /* Sources */ = {
			isa = PBXSourcesBuildPhase;
			buildActionMask = 2147483647;
			files = (
				B3FF4F921DAE80210083809C /* HWHomeViewController.m in Sources */,
				B3FF4F9B1DAE807B0083809C /* HWProfileViewController.m in Sources */,
				B3FF4F8E1DAE68810083809C /* main.m in Sources */,
				B3FF4F951DAE804B0083809C /* HWMessageCenterViewController.m in Sources */,
				B3FF4F981DAE80600083809C /* HWDiscoverViewController.m in Sources */,
				B3FF4F8D1DAE68810083809C /* AppDelegate.m in Sources */,
			);
			runOnlyForDeploymentPostprocessing = 0;
		};
		B3FF4F681DAE61470083809C /* Sources */ = {
			isa = PBXSourcesBuildPhase;
			buildActionMask = 2147483647;
			files = (
				B3FF4F711DAE61470083809C /* LLSinaAppTests.m in Sources */,
			);
			runOnlyForDeploymentPostprocessing = 0;
		};
		B3FF4F731DAE61470083809C /* Sources */ = {
			isa = PBXSourcesBuildPhase;
			buildActionMask = 2147483647;
			files = (
				B3FF4F7C1DAE61470083809C /* LLSinaAppUITests.m in Sources */,
			);
			runOnlyForDeploymentPostprocessing = 0;
		};
/* End PBXSourcesBuildPhase section */

/* Begin PBXTargetDependency section */
		B3FF4F6E1DAE61470083809C /* PBXTargetDependency */ = {
			isa = PBXTargetDependency;
			target = B3FF4F521DAE61470083809C /* LLSinaApp */;
			targetProxy = B3FF4F6D1DAE61470083809C /* PBXContainerItemProxy */;
		};
		B3FF4F791DAE61470083809C /* PBXTargetDependency */ = {
			isa = PBXTargetDependency;
			target = B3FF4F521DAE61470083809C /* LLSinaApp */;
			targetProxy = B3FF4F781DAE61470083809C /* PBXContainerItemProxy */;
		};
/* End PBXTargetDependency section */

/* Begin PBXVariantGroup section */
		B3FF4F641DAE61470083809C /* LaunchScreen.storyboard */ = {
			isa = PBXVariantGroup;
			children = (
				B3FF4F651DAE61470083809C /* Base */,
			);
			name = LaunchScreen.storyboard;
			sourceTree = "<group>";
		};
/* End PBXVariantGroup section */

/* Begin XCBuildConfiguration section */
		B3FF4F7E1DAE61470083809C /* Debug */ = {
			isa = XCBuildConfiguration;
			buildSettings = {
				ALWAYS_SEARCH_USER_PATHS = NO;
				CLANG_ANALYZER_NONNULL = YES;
				CLANG_CXX_LANGUAGE_STANDARD = "gnu++0x";
				CLANG_CXX_LIBRARY = "libc++";
				CLANG_ENABLE_MODULES = YES;
				CLANG_ENABLE_OBJC_ARC = YES;
				CLANG_WARN_BOOL_CONVERSION = YES;
				CLANG_WARN_CONSTANT_CONVERSION = YES;
				CLANG_WARN_DIRECT_OBJC_ISA_USAGE = YES_ERROR;
				CLANG_WARN_EMPTY_BODY = YES;
				CLANG_WARN_ENUM_CONVERSION = YES;
				CLANG_WARN_INT_CONVERSION = YES;
				CLANG_WARN_OBJC_ROOT_CLASS = YES_ERROR;
				CLANG_WARN_UNREACHABLE_CODE = YES;
				CLANG_WARN__DUPLICATE_METHOD_MATCH = YES;
				"CODE_SIGN_IDENTITY[sdk=iphoneos*]" = "iPhone Developer";
				COPY_PHASE_STRIP = NO;
				DEBUG_INFORMATION_FORMAT = dwarf;
				ENABLE_STRICT_OBJC_MSGSEND = YES;
				ENABLE_TESTABILITY = YES;
				GCC_C_LANGUAGE_STANDARD = gnu99;
				GCC_DYNAMIC_NO_PIC = NO;
				GCC_NO_COMMON_BLOCKS = YES;
				GCC_OPTIMIZATION_LEVEL = 0;
				GCC_PREPROCESSOR_DEFINITIONS = (
					"DEBUG=1",
					"$(inherited)",
				);
				GCC_WARN_64_TO_32_BIT_CONVERSION = YES;
				GCC_WARN_ABOUT_RETURN_TYPE = YES_ERROR;
				GCC_WARN_UNDECLARED_SELECTOR = YES;
				GCC_WARN_UNINITIALIZED_AUTOS = YES_AGGRESSIVE;
				GCC_WARN_UNUSED_FUNCTION = YES;
				GCC_WARN_UNUSED_VARIABLE = YES;
				IPHONEOS_DEPLOYMENT_TARGET = 9.3;
				MTL_ENABLE_DEBUG_INFO = YES;
				ONLY_ACTIVE_ARCH = YES;
				SDKROOT = iphoneos;
			};
			name = Debug;
		};
		B3FF4F7F1DAE61470083809C /* Release */ = {
			isa = XCBuildConfiguration;
			buildSettings = {
				ALWAYS_SEARCH_USER_PATHS = NO;
				CLANG_ANALYZER_NONNULL = YES;
				CLANG_CXX_LANGUAGE_STANDARD = "gnu++0x";
				CLANG_CXX_LIBRARY = "libc++";
				CLANG_ENABLE_MODULES = YES;
				CLANG_ENABLE_OBJC_ARC = YES;
				CLANG_WARN_BOOL_CONVERSION = YES;
				CLANG_WARN_CONSTANT_CONVERSION = YES;
				CLANG_WARN_DIRECT_OBJC_ISA_USAGE = YES_ERROR;
				CLANG_WARN_EMPTY_BODY = YES;
				CLANG_WARN_ENUM_CONVERSION = YES;
				CLANG_WARN_INT_CONVERSION = YES;
				CLANG_WARN_OBJC_ROOT_CLASS = YES_ERROR;
				CLANG_WARN_UNREACHABLE_CODE = YES;
				CLANG_WARN__DUPLICATE_METHOD_MATCH = YES;
				"CODE_SIGN_IDENTITY[sdk=iphoneos*]" = "iPhone Developer";
				COPY_PHASE_STRIP = NO;
				DEBUG_INFORMATION_FORMAT = "dwarf-with-dsym";
				ENABLE_NS_ASSERTIONS = NO;
				ENABLE_STRICT_OBJC_MSGSEND = YES;
				GCC_C_LANGUAGE_STANDARD = gnu99;
				GCC_NO_COMMON_BLOCKS = YES;
				GCC_WARN_64_TO_32_BIT_CONVERSION = YES;
				GCC_WARN_ABOUT_RETURN_TYPE = YES_ERROR;
				GCC_WARN_UNDECLARED_SELECTOR = YES;
				GCC_WARN_UNINITIALIZED_AUTOS = YES_AGGRESSIVE;
				GCC_WARN_UNUSED_FUNCTION = YES;
				GCC_WARN_UNUSED_VARIABLE = YES;
				IPHONEOS_DEPLOYMENT_TARGET = 9.3;
				MTL_ENABLE_DEBUG_INFO = NO;
				SDKROOT = iphoneos;
				VALIDATE_PRODUCT = YES;
			};
			name = Release;
		};
		B3FF4F811DAE61470083809C /* Debug */ = {
			isa = XCBuildConfiguration;
			buildSettings = {
				GCC_PRECOMPILE_PREFIX_HEADER = YES;
				GCC_PREFIX_HEADER = /Users/leo/Desktop/LLSinaAppTest/LLSinaApp/LLSinaApp/PrefixHeader.pch;
				INFOPLIST_FILE = LLSinaApp/Info.plist;
				LD_RUNPATH_SEARCH_PATHS = "$(inherited) @executable_path/Frameworks";
				PRODUCT_BUNDLE_IDENTIFIER = com.Leo.LLSinaApp;
				PRODUCT_NAME = "$(TARGET_NAME)";
			};
			name = Debug;
		};
		B3FF4F821DAE61470083809C /* Release */ = {
			isa = XCBuildConfiguration;
			buildSettings = {
				GCC_PRECOMPILE_PREFIX_HEADER = YES;
				GCC_PREFIX_HEADER = /Users/leo/Desktop/LLSinaAppTest/LLSinaApp/LLSinaApp/PrefixHeader.pch;
				INFOPLIST_FILE = LLSinaApp/Info.plist;
				LD_RUNPATH_SEARCH_PATHS = "$(inherited) @executable_path/Frameworks";
				PRODUCT_BUNDLE_IDENTIFIER = com.Leo.LLSinaApp;
				PRODUCT_NAME = "$(TARGET_NAME)";
			};
			name = Release;
		};
		B3FF4F841DAE61470083809C /* Debug */ = {
			isa = XCBuildConfiguration;
			buildSettings = {
				BUNDLE_LOADER = "$(TEST_HOST)";
				INFOPLIST_FILE = LLSinaAppTests/Info.plist;
				LD_RUNPATH_SEARCH_PATHS = "$(inherited) @executable_path/Frameworks @loader_path/Frameworks";
				PRODUCT_BUNDLE_IDENTIFIER = com.Leo.LLSinaAppTests;
				PRODUCT_NAME = "$(TARGET_NAME)";
				TEST_HOST = "$(BUILT_PRODUCTS_DIR)/LLSinaApp.app/LLSinaApp";
			};
			name = Debug;
		};
		B3FF4F851DAE61470083809C /* Release */ = {
			isa = XCBuildConfiguration;
			buildSettings = {
				BUNDLE_LOADER = "$(TEST_HOST)";
				INFOPLIST_FILE = LLSinaAppTests/Info.plist;
				LD_RUNPATH_SEARCH_PATHS = "$(inherited) @executable_path/Frameworks @loader_path/Frameworks";
				PRODUCT_BUNDLE_IDENTIFIER = com.Leo.LLSinaAppTests;
				PRODUCT_NAME = "$(TARGET_NAME)";
				TEST_HOST = "$(BUILT_PRODUCTS_DIR)/LLSinaApp.app/LLSinaApp";
			};
			name = Release;
		};
		B3FF4F871DAE61470083809C /* Debug */ = {
			isa = XCBuildConfiguration;
			buildSettings = {
				INFOPLIST_FILE = LLSinaAppUITests/Info.plist;
				LD_RUNPATH_SEARCH_PATHS = "$(inherited) @executable_path/Frameworks @loader_path/Frameworks";
				PRODUCT_BUNDLE_IDENTIFIER = com.Leo.LLSinaAppUITests;
				PRODUCT_NAME = "$(TARGET_NAME)";
				TEST_TARGET_NAME = LLSinaApp;
			};
			name = Debug;
		};
		B3FF4F881DAE61470083809C /* Release */ = {
			isa = XCBuildConfiguration;
			buildSettings = {
				INFOPLIST_FILE = LLSinaAppUITests/Info.plist;
				LD_RUNPATH_SEARCH_PATHS = "$(inherited) @executable_path/Frameworks @loader_path/Frameworks";
				PRODUCT_BUNDLE_IDENTIFIER = com.Leo.LLSinaAppUITests;
				PRODUCT_NAME = "$(TARGET_NAME)";
				TEST_TARGET_NAME = LLSinaApp;
			};
			name = Release;
		};
/* End XCBuildConfiguration section */

/* Begin XCConfigurationList section */
		B3FF4F4E1DAE61470083809C /* Build configuration list for PBXProject "LLSinaApp" */ = {
			isa = XCConfigurationList;
			buildConfigurations = (
				B3FF4F7E1DAE61470083809C /* Debug */,
				B3FF4F7F1DAE61470083809C /* Release */,
			);
			defaultConfigurationIsVisible = 0;
			defaultConfigurationName = Release;
		};
		B3FF4F801DAE61470083809C /* Build configuration list for PBXNativeTarget "LLSinaApp" */ = {
			isa = XCConfigurationList;
			buildConfigurations = (
				B3FF4F811DAE61470083809C /* Debug */,
				B3FF4F821DAE61470083809C /* Release */,
			);
			defaultConfigurationIsVisible = 0;
		};
		B3FF4F831DAE61470083809C /* Build configuration list for PBXNativeTarget "LLSinaAppTests" */ = {
			isa = XCConfigurationList;
			buildConfigurations = (
				B3FF4F841DAE61470083809C /* Debug */,
				B3FF4F851DAE61470083809C /* Release */,
			);
			defaultConfigurationIsVisible = 0;
		};
		B3FF4F861DAE61470083809C /* Build configuration list for PBXNativeTarget "LLSinaAppUITests" */ = {
			isa = XCConfigurationList;
			buildConfigurations = (
				B3FF4F871DAE61470083809C /* Debug */,
				B3FF4F881DAE61470083809C /* Release */,
			);
			defaultConfigurationIsVisible = 0;
		};
/* End XCConfigurationList section */
	};
	rootObject = B3FF4F4B1DAE61470083809C /* Project object */;
}
